// !$*UTF8*$!
{
	archiveVersion = 1;
	classes = {
	};
	objectVersion = 56;
	objects = {

/* Begin PBXBuildFile section */
		9A3CE25C2990436A005DFB55 /* AppDelegate.swift in Sources */ = {isa = PBXBuildFile; fileRef = 9A3CE25B2990436A005DFB55 /* AppDelegate.swift */; };
		9A3CE25E2990436A005DFB55 /* SceneDelegate.swift in Sources */ = {isa = PBXBuildFile; fileRef = 9A3CE25D2990436A005DFB55 /* SceneDelegate.swift */; };
		9A3CE2602990436A005DFB55 /* ViewController.swift in Sources */ = {isa = PBXBuildFile; fileRef = 9A3CE25F2990436A005DFB55 /* ViewController.swift */; };
		9A3CE2632990436A005DFB55 /* Main.storyboard in Resources */ = {isa = PBXBuildFile; fileRef = 9A3CE2612990436A005DFB55 /* Main.storyboard */; };
		9A3CE2652990436A005DFB55 /* Assets.xcassets in Resources */ = {isa = PBXBuildFile; fileRef = 9A3CE2642990436A005DFB55 /* Assets.xcassets */; };
		9A3CE2682990436A005DFB55 /* LaunchScreen.storyboard in Resources */ = {isa = PBXBuildFile; fileRef = 9A3CE2662990436A005DFB55 /* LaunchScreen.storyboard */; };
		9A3CE2732990436B005DFB55 /* BalmuriCourseRegistrationAppTests.swift in Sources */ = {isa = PBXBuildFile; fileRef = 9A3CE2722990436B005DFB55 /* BalmuriCourseRegistrationAppTests.swift */; };
		9A3CE27D2990436B005DFB55 /* BalmuriCourseRegistrationAppUITests.swift in Sources */ = {isa = PBXBuildFile; fileRef = 9A3CE27C2990436B005DFB55 /* BalmuriCourseRegistrationAppUITests.swift */; };
		9A3CE27F2990436B005DFB55 /* BalmuriCourseRegistrationAppUITestsLaunchTests.swift in Sources */ = {isa = PBXBuildFile; fileRef = 9A3CE27E2990436B005DFB55 /* BalmuriCourseRegistrationAppUITestsLaunchTests.swift */; };
		9A3CE2902991BF35005DFB55 /* CourseRegistrationVC.swift in Sources */ = {isa = PBXBuildFile; fileRef = 9A3CE28F2991BF35005DFB55 /* CourseRegistrationVC.swift */; };
/* End PBXBuildFile section */

/* Begin PBXContainerItemProxy section */
		9A3CE26F2990436B005DFB55 /* PBXContainerItemProxy */ = {
			isa = PBXContainerItemProxy;
			containerPortal = 9A3CE2502990436A005DFB55 /* Project object */;
			proxyType = 1;
			remoteGlobalIDString = 9A3CE2572990436A005DFB55;
			remoteInfo = BalmuriCourseRegistrationApp;
		};
		9A3CE2792990436B005DFB55 /* PBXContainerItemProxy */ = {
			isa = PBXContainerItemProxy;
			containerPortal = 9A3CE2502990436A005DFB55 /* Project object */;
			proxyType = 1;
			remoteGlobalIDString = 9A3CE2572990436A005DFB55;
			remoteInfo = BalmuriCourseRegistrationApp;
		};
/* End PBXContainerItemProxy section */

/* Begin PBXFileReference section */
		9A3CE2582990436A005DFB55 /* BalmuriCourseRegistrationApp.app */ = {isa = PBXFileReference; explicitFileType = wrapper.application; includeInIndex = 0; path = BalmuriCourseRegistrationApp.app; sourceTree = BUILT_PRODUCTS_DIR; };
		9A3CE25B2990436A005DFB55 /* AppDelegate.swift */ = {isa = PBXFileReference; lastKnownFileType = sourcecode.swift; path = AppDelegate.swift; sourceTree = "<group>"; };
		9A3CE25D2990436A005DFB55 /* SceneDelegate.swift */ = {isa = PBXFileReference; lastKnownFileType = sourcecode.swift; path = SceneDelegate.swift; sourceTree = "<group>"; };
		9A3CE25F2990436A005DFB55 /* ViewController.swift */ = {isa = PBXFileReference; lastKnownFileType = sourcecode.swift; path = ViewController.swift; sourceTree = "<group>"; };
		9A3CE2622990436A005DFB55 /* Base */ = {isa = PBXFileReference; lastKnownFileType = file.storyboard; name = Base; path = Base.lproj/Main.storyboard; sourceTree = "<group>"; };
		9A3CE2642990436A005DFB55 /* Assets.xcassets */ = {isa = PBXFileReference; lastKnownFileType = folder.assetcatalog; path = Assets.xcassets; sourceTree = "<group>"; };
		9A3CE2672990436A005DFB55 /* Base */ = {isa = PBXFileReference; lastKnownFileType = file.storyboard; name = Base; path = Base.lproj/LaunchScreen.storyboard; sourceTree = "<group>"; };
		9A3CE2692990436A005DFB55 /* Info.plist */ = {isa = PBXFileReference; lastKnownFileType = text.plist.xml; path = Info.plist; sourceTree = "<group>"; };
		9A3CE26E2990436B005DFB55 /* BalmuriCourseRegistrationAppTests.xctest */ = {isa = PBXFileReference; explicitFileType = wrapper.cfbundle; includeInIndex = 0; path = BalmuriCourseRegistrationAppTests.xctest; sourceTree = BUILT_PRODUCTS_DIR; };
		9A3CE2722990436B005DFB55 /* BalmuriCourseRegistrationAppTests.swift */ = {isa = PBXFileReference; lastKnownFileType = sourcecode.swift; path = BalmuriCourseRegistrationAppTests.swift; sourceTree = "<group>"; };
		9A3CE2782990436B005DFB55 /* BalmuriCourseRegistrationAppUITests.xctest */ = {isa = PBXFileReference; explicitFileType = wrapper.cfbundle; includeInIndex = 0; path = BalmuriCourseRegistrationAppUITests.xctest; sourceTree = BUILT_PRODUCTS_DIR; };
		9A3CE27C2990436B005DFB55 /* BalmuriCourseRegistrationAppUITests.swift */ = {isa = PBXFileReference; lastKnownFileType = sourcecode.swift; path = BalmuriCourseRegistrationAppUITests.swift; sourceTree = "<group>"; };
		9A3CE27E2990436B005DFB55 /* BalmuriCourseRegistrationAppUITestsLaunchTests.swift */ = {isa = PBXFileReference; lastKnownFileType = sourcecode.swift; path = BalmuriCourseRegistrationAppUITestsLaunchTests.swift; sourceTree = "<group>"; };
		9A3CE28F2991BF35005DFB55 /* CourseRegistrationVC.swift */ = {isa = PBXFileReference; lastKnownFileType = sourcecode.swift; path = CourseRegistrationVC.swift; sourceTree = "<group>"; };
/* End PBXFileReference section */

/* Begin PBXFrameworksBuildPhase section */
		9A3CE2552990436A005DFB55 /* Frameworks */ = {
			isa = PBXFrameworksBuildPhase;
			buildActionMask = 2147483647;
			files = (
			);
			runOnlyForDeploymentPostprocessing = 0;
		};
		9A3CE26B2990436B005DFB55 /* Frameworks */ = {
			isa = PBXFrameworksBuildPhase;
			buildActionMask = 2147483647;
			files = (
			);
			runOnlyForDeploymentPostprocessing = 0;
		};
		9A3CE2752990436B005DFB55 /* Frameworks */ = {
			isa = PBXFrameworksBuildPhase;
			buildActionMask = 2147483647;
			files = (
			);
			runOnlyForDeploymentPostprocessing = 0;
		};
/* End PBXFrameworksBuildPhase section */

/* Begin PBXGroup section */
		9A3CE24F2990436A005DFB55 = {
			isa = PBXGroup;
			children = (
				9A3CE25A2990436A005DFB55 /* BalmuriCourseRegistrationApp */,
				9A3CE2712990436B005DFB55 /* BalmuriCourseRegistrationAppTests */,
				9A3CE27B2990436B005DFB55 /* BalmuriCourseRegistrationAppUITests */,
				9A3CE2592990436A005DFB55 /* Products */,
			);
			sourceTree = "<group>";
		};
		9A3CE2592990436A005DFB55 /* Products */ = {
			isa = PBXGroup;
			children = (
				9A3CE2582990436A005DFB55 /* BalmuriCourseRegistrationApp.app */,
				9A3CE26E2990436B005DFB55 /* BalmuriCourseRegistrationAppTests.xctest */,
				9A3CE2782990436B005DFB55 /* BalmuriCourseRegistrationAppUITests.xctest */,
			);
			name = Products;
			sourceTree = "<group>";
		};
		9A3CE25A2990436A005DFB55 /* BalmuriCourseRegistrationApp */ = {
			isa = PBXGroup;
			children = (
				9A3CE25B2990436A005DFB55 /* AppDelegate.swift */,
				9A3CE25D2990436A005DFB55 /* SceneDelegate.swift */,
				9A3CE28F2991BF35005DFB55 /* CourseRegistrationVC.swift */,
				9A3CE25F2990436A005DFB55 /* ViewController.swift */,
				9A3CE2612990436A005DFB55 /* Main.storyboard */,
				9A3CE2642990436A005DFB55 /* Assets.xcassets */,
				9A3CE2662990436A005DFB55 /* LaunchScreen.storyboard */,
				9A3CE2692990436A005DFB55 /* Info.plist */,
			);
			path = BalmuriCourseRegistrationApp;
			sourceTree = "<group>";
		};
		9A3CE2712990436B005DFB55 /* BalmuriCourseRegistrationAppTests */ = {
			isa = PBXGroup;
			children = (
				9A3CE2722990436B005DFB55 /* BalmuriCourseRegistrationAppTests.swift */,
			);
			path = BalmuriCourseRegistrationAppTests;
			sourceTree = "<group>";
		};
		9A3CE27B2990436B005DFB55 /* BalmuriCourseRegistrationAppUITests */ = {
			isa = PBXGroup;
			children = (
				9A3CE27C2990436B005DFB55 /* BalmuriCourseRegistrationAppUITests.swift */,
				9A3CE27E2990436B005DFB55 /* BalmuriCourseRegistrationAppUITestsLaunchTests.swift */,
			);
			path = BalmuriCourseRegistrationAppUITests;
			sourceTree = "<group>";
		};
/* End PBXGroup section */

/* Begin PBXNativeTarget section */
		9A3CE2572990436A005DFB55 /* BalmuriCourseRegistrationApp */ = {
			isa = PBXNativeTarget;
			buildConfigurationList = 9A3CE2822990436B005DFB55 /* Build configuration list for PBXNativeTarget "BalmuriCourseRegistrationApp" */;
			buildPhases = (
				9A3CE2542990436A005DFB55 /* Sources */,
				9A3CE2552990436A005DFB55 /* Frameworks */,
				9A3CE2562990436A005DFB55 /* Resources */,
			);
			buildRules = (
			);
			dependencies = (
			);
			name = BalmuriCourseRegistrationApp;
			productName = BalmuriCourseRegistrationApp;
			productReference = 9A3CE2582990436A005DFB55 /* BalmuriCourseRegistrationApp.app */;
			productType = "com.apple.product-type.application";
		};
		9A3CE26D2990436B005DFB55 /* BalmuriCourseRegistrationAppTests */ = {
			isa = PBXNativeTarget;
			buildConfigurationList = 9A3CE2852990436B005DFB55 /* Build configuration list for PBXNativeTarget "BalmuriCourseRegistrationAppTests" */;
			buildPhases = (
				9A3CE26A2990436B005DFB55 /* Sources */,
				9A3CE26B2990436B005DFB55 /* Frameworks */,
				9A3CE26C2990436B005DFB55 /* Resources */,
			);
			buildRules = (
			);
			dependencies = (
				9A3CE2702990436B005DFB55 /* PBXTargetDependency */,
			);
			name = BalmuriCourseRegistrationAppTests;
			productName = BalmuriCourseRegistrationAppTests;
			productReference = 9A3CE26E2990436B005DFB55 /* BalmuriCourseRegistrationAppTests.xctest */;
			productType = "com.apple.product-type.bundle.unit-test";
		};
		9A3CE2772990436B005DFB55 /* BalmuriCourseRegistrationAppUITests */ = {
			isa = PBXNativeTarget;
			buildConfigurationList = 9A3CE2882990436B005DFB55 /* Build configuration list for PBXNativeTarget "BalmuriCourseRegistrationAppUITests" */;
			buildPhases = (
				9A3CE2742990436B005DFB55 /* Sources */,
				9A3CE2752990436B005DFB55 /* Frameworks */,
				9A3CE2762990436B005DFB55 /* Resources */,
			);
			buildRules = (
			);
			dependencies = (
				9A3CE27A2990436B005DFB55 /* PBXTargetDependency */,
			);
			name = BalmuriCourseRegistrationAppUITests;
			productName = BalmuriCourseRegistrationAppUITests;
			productReference = 9A3CE2782990436B005DFB55 /* BalmuriCourseRegistrationAppUITests.xctest */;
			productType = "com.apple.product-type.bundle.ui-testing";
		};
/* End PBXNativeTarget section */

/* Begin PBXProject section */
		9A3CE2502990436A005DFB55 /* Project object */ = {
			isa = PBXProject;
			attributes = {
				BuildIndependentTargetsInParallel = 1;
				LastSwiftUpdateCheck = 1400;
				LastUpgradeCheck = 1400;
				TargetAttributes = {
					9A3CE2572990436A005DFB55 = {
						CreatedOnToolsVersion = 14.0;
					};
					9A3CE26D2990436B005DFB55 = {
						CreatedOnToolsVersion = 14.0;
						TestTargetID = 9A3CE2572990436A005DFB55;
					};
					9A3CE2772990436B005DFB55 = {
						CreatedOnToolsVersion = 14.0;
						TestTargetID = 9A3CE2572990436A005DFB55;
					};
				};
			};
			buildConfigurationList = 9A3CE2532990436A005DFB55 /* Build configuration list for PBXProject "BalmuriCourseRegistrationApp" */;
			compatibilityVersion = "Xcode 14.0";
			developmentRegion = en;
			hasScannedForEncodings = 0;
			knownRegions = (
				en,
				Base,
			);
			mainGroup = 9A3CE24F2990436A005DFB55;
			productRefGroup = 9A3CE2592990436A005DFB55 /* Products */;
			projectDirPath = "";
			projectRoot = "";
			targets = (
				9A3CE2572990436A005DFB55 /* BalmuriCourseRegistrationApp */,
				9A3CE26D2990436B005DFB55 /* BalmuriCourseRegistrationAppTests */,
				9A3CE2772990436B005DFB55 /* BalmuriCourseRegistrationAppUITests */,
			);
		};
/* End PBXProject section */

/* Begin PBXResourcesBuildPhase section */
		9A3CE2562990436A005DFB55 /* Resources */ = {
			isa = PBXResourcesBuildPhase;
			buildActionMask = 2147483647;
			files = (
				9A3CE2682990436A005DFB55 /* LaunchScreen.storyboard in Resources */,
				9A3CE2652990436A005DFB55 /* Assets.xcassets in Resources */,
				9A3CE2632990436A005DFB55 /* Main.storyboard in Resources */,
			);
			runOnlyForDeploymentPostprocessing = 0;
		};
		9A3CE26C2990436B005DFB55 /* Resources */ = {
			isa = PBXResourcesBuildPhase;
			buildActionMask = 2147483647;
			files = (
			);
			runOnlyForDeploymentPostprocessing = 0;
		};
		9A3CE2762990436B005DFB55 /* Resources */ = {
			isa = PBXResourcesBuildPhase;
			buildActionMask = 2147483647;
			files = (
			);
			runOnlyForDeploymentPostprocessing = 0;
		};
/* End PBXResourcesBuildPhase section */

/* Begin PBXSourcesBuildPhase section */
		9A3CE2542990436A005DFB55 /* Sources */ = {
			isa = PBXSourcesBuildPhase;
			buildActionMask = 2147483647;
			files = (
				9A3CE2602990436A005DFB55 /* ViewController.swift in Sources */,
				9A3CE25C2990436A005DFB55 /* AppDelegate.swift in Sources */,
				9A3CE2902991BF35005DFB55 /* CourseRegistrationVC.swift in Sources */,
				9A3CE25E2990436A005DFB55 /* SceneDelegate.swift in Sources */,
			);
			runOnlyForDeploymentPostprocessing = 0;
		};
		9A3CE26A2990436B005DFB55 /* Sources */ = {
			isa = PBXSourcesBuildPhase;
			buildActionMask = 2147483647;
			files = (
				9A3CE2732990436B005DFB55 /* BalmuriCourseRegistrationAppTests.swift in Sources */,
			);
			runOnlyForDeploymentPostprocessing = 0;
		};
		9A3CE2742990436B005DFB55 /* Sources */ = {
			isa = PBXSourcesBuildPhase;
			buildActionMask = 2147483647;
			files = (
				9A3CE27D2990436B005DFB55 /* BalmuriCourseRegistrationAppUITests.swift in Sources */,
				9A3CE27F2990436B005DFB55 /* BalmuriCourseRegistrationAppUITestsLaunchTests.swift in Sources */,
			);
			runOnlyForDeploymentPostprocessing = 0;
		};
/* End PBXSourcesBuildPhase section */

/* Begin PBXTargetDependency section */
		9A3CE2702990436B005DFB55 /* PBXTargetDependency */ = {
			isa = PBXTargetDependency;
			target = 9A3CE2572990436A005DFB55 /* BalmuriCourseRegistrationApp */;
			targetProxy = 9A3CE26F2990436B005DFB55 /* PBXContainerItemProxy */;
		};
		9A3CE27A2990436B005DFB55 /* PBXTargetDependency */ = {
			isa = PBXTargetDependency;
			target = 9A3CE2572990436A005DFB55 /* BalmuriCourseRegistrationApp */;
			targetProxy = 9A3CE2792990436B005DFB55 /* PBXContainerItemProxy */;
		};
/* End PBXTargetDependency section */

/* Begin PBXVariantGroup section */
		9A3CE2612990436A005DFB55 /* Main.storyboard */ = {
			isa = PBXVariantGroup;
			children = (
				9A3CE2622990436A005DFB55 /* Base */,
			);
			name = Main.storyboard;
			sourceTree = "<group>";
		};
		9A3CE2662990436A005DFB55 /* LaunchScreen.storyboard */ = {
			isa = PBXVariantGroup;
			children = (
				9A3CE2672990436A005DFB55 /* Base */,
			);
			name = LaunchScreen.storyboard;
			sourceTree = "<group>";
		};
/* End PBXVariantGroup section */

/* Begin XCBuildConfiguration section */
		9A3CE2802990436B005DFB55 /* Debug */ = {
			isa = XCBuildConfiguration;
			buildSettings = {
				ALWAYS_SEARCH_USER_PATHS = NO;
				CLANG_ANALYZER_NONNULL = YES;
				CLANG_ANALYZER_NUMBER_OBJECT_CONVERSION = YES_AGGRESSIVE;
				CLANG_CXX_LANGUAGE_STANDARD = "gnu++20";
				CLANG_ENABLE_MODULES = YES;
				CLANG_ENABLE_OBJC_ARC = YES;
				CLANG_ENABLE_OBJC_WEAK = YES;
				CLANG_WARN_BLOCK_CAPTURE_AUTORELEASING = YES;
				CLANG_WARN_BOOL_CONVERSION = YES;
				CLANG_WARN_COMMA = YES;
				CLANG_WARN_CONSTANT_CONVERSION = YES;
				CLANG_WARN_DEPRECATED_OBJC_IMPLEMENTATIONS = YES;
				CLANG_WARN_DIRECT_OBJC_ISA_USAGE = YES_ERROR;
				CLANG_WARN_DOCUMENTATION_COMMENTS = YES;
				CLANG_WARN_EMPTY_BODY = YES;
				CLANG_WARN_ENUM_CONVERSION = YES;
				CLANG_WARN_INFINITE_RECURSION = YES;
				CLANG_WARN_INT_CONVERSION = YES;
				CLANG_WARN_NON_LITERAL_NULL_CONVERSION = YES;
				CLANG_WARN_OBJC_IMPLICIT_RETAIN_SELF = YES;
				CLANG_WARN_OBJC_LITERAL_CONVERSION = YES;
				CLANG_WARN_OBJC_ROOT_CLASS = YES_ERROR;
				CLANG_WARN_QUOTED_INCLUDE_IN_FRAMEWORK_HEADER = YES;
				CLANG_WARN_RANGE_LOOP_ANALYSIS = YES;
				CLANG_WARN_STRICT_PROTOTYPES = YES;
				CLANG_WARN_SUSPICIOUS_MOVE = YES;
				CLANG_WARN_UNGUARDED_AVAILABILITY = YES_AGGRESSIVE;
				CLANG_WARN_UNREACHABLE_CODE = YES;
				CLANG_WARN__DUPLICATE_METHOD_MATCH = YES;
				COPY_PHASE_STRIP = NO;
				DEBUG_INFORMATION_FORMAT = dwarf;
				ENABLE_STRICT_OBJC_MSGSEND = YES;
				ENABLE_TESTABILITY = YES;
				GCC_C_LANGUAGE_STANDARD = gnu11;
				GCC_DYNAMIC_NO_PIC = NO;
				GCC_NO_COMMON_BLOCKS = YES;
				GCC_OPTIMIZATION_LEVEL = 0;
				GCC_PREPROCESSOR_DEFINITIONS = (
					"DEBUG=1",
					"$(inherited)",
				);
				GCC_WARN_64_TO_32_BIT_CONVERSION = YES;
				GCC_WARN_ABOUT_RETURN_TYPE = YES_ERROR;
				GCC_WARN_UNDECLARED_SELECTOR = YES;
				GCC_WARN_UNINITIALIZED_AUTOS = YES_AGGRESSIVE;
				GCC_WARN_UNUSED_FUNCTION = YES;
				GCC_WARN_UNUSED_VARIABLE = YES;
				IPHONEOS_DEPLOYMENT_TARGET = 16.0;
				MTL_ENABLE_DEBUG_INFO = INCLUDE_SOURCE;
				MTL_FAST_MATH = YES;
				ONLY_ACTIVE_ARCH = YES;
				SDKROOT = iphoneos;
				SWIFT_ACTIVE_COMPILATION_CONDITIONS = DEBUG;
				SWIFT_OPTIMIZATION_LEVEL = "-Onone";
			};
			name = Debug;
		};
		9A3CE2812990436B005DFB55 /* Release */ = {
			isa = XCBuildConfiguration;
			buildSettings = {
				ALWAYS_SEARCH_USER_PATHS = NO;
				CLANG_ANALYZER_NONNULL = YES;
				CLANG_ANALYZER_NUMBER_OBJECT_CONVERSION = YES_AGGRESSIVE;
				CLANG_CXX_LANGUAGE_STANDARD = "gnu++20";
				CLANG_ENABLE_MODULES = YES;
				CLANG_ENABLE_OBJC_ARC = YES;
				CLANG_ENABLE_OBJC_WEAK = YES;
				CLANG_WARN_BLOCK_CAPTURE_AUTORELEASING = YES;
				CLANG_WARN_BOOL_CONVERSION = YES;
				CLANG_WARN_COMMA = YES;
				CLANG_WARN_CONSTANT_CONVERSION = YES;
				CLANG_WARN_DEPRECATED_OBJC_IMPLEMENTATIONS = YES;
				CLANG_WARN_DIRECT_OBJC_ISA_USAGE = YES_ERROR;
				CLANG_WARN_DOCUMENTATION_COMMENTS = YES;
				CLANG_WARN_EMPTY_BODY = YES;
				CLANG_WARN_ENUM_CONVERSION = YES;
				CLANG_WARN_INFINITE_RECURSION = YES;
				CLANG_WARN_INT_CONVERSION = YES;
				CLANG_WARN_NON_LITERAL_NULL_CONVERSION = YES;
				CLANG_WARN_OBJC_IMPLICIT_RETAIN_SELF = YES;
				CLANG_WARN_OBJC_LITERAL_CONVERSION = YES;
				CLANG_WARN_OBJC_ROOT_CLASS = YES_ERROR;
				CLANG_WARN_QUOTED_INCLUDE_IN_FRAMEWORK_HEADER = YES;
				CLANG_WARN_RANGE_LOOP_ANALYSIS = YES;
				CLANG_WARN_STRICT_PROTOTYPES = YES;
				CLANG_WARN_SUSPICIOUS_MOVE = YES;
				CLANG_WARN_UNGUARDED_AVAILABILITY = YES_AGGRESSIVE;
				CLANG_WARN_UNREACHABLE_CODE = YES;
				CLANG_WARN__DUPLICATE_METHOD_MATCH = YES;
				COPY_PHASE_STRIP = NO;
				DEBUG_INFORMATION_FORMAT = "dwarf-with-dsym";
				ENABLE_NS_ASSERTIONS = NO;
				ENABLE_STRICT_OBJC_MSGSEND = YES;
				GCC_C_LANGUAGE_STANDARD = gnu11;
				GCC_NO_COMMON_BLOCKS = YES;
				GCC_WARN_64_TO_32_BIT_CONVERSION = YES;
				GCC_WARN_ABOUT_RETURN_TYPE = YES_ERROR;
				GCC_WARN_UNDECLARED_SELECTOR = YES;
				GCC_WARN_UNINITIALIZED_AUTOS = YES_AGGRESSIVE;
				GCC_WARN_UNUSED_FUNCTION = YES;
				GCC_WARN_UNUSED_VARIABLE = YES;
				IPHONEOS_DEPLOYMENT_TARGET = 16.0;
				MTL_ENABLE_DEBUG_INFO = NO;
				MTL_FAST_MATH = YES;
				SDKROOT = iphoneos;
				SWIFT_COMPILATION_MODE = wholemodule;
				SWIFT_OPTIMIZATION_LEVEL = "-O";
				VALIDATE_PRODUCT = YES;
			};
			name = Release;
		};
		9A3CE2832990436B005DFB55 /* Debug */ = {
			isa = XCBuildConfiguration;
			buildSettings = {
				ASSETCATALOG_COMPILER_APPICON_NAME = AppIcon;
				ASSETCATALOG_COMPILER_GLOBAL_ACCENT_COLOR_NAME = AccentColor;
				CODE_SIGN_STYLE = Automatic;
				CURRENT_PROJECT_VERSION = 1;
				GENERATE_INFOPLIST_FILE = YES;
				INFOPLIST_FILE = BalmuriCourseRegistrationApp/Info.plist;
				INFOPLIST_KEY_UIApplicationSupportsIndirectInputEvents = YES;
				INFOPLIST_KEY_UILaunchStoryboardName = LaunchScreen;
				INFOPLIST_KEY_UIMainStoryboardFile = Main;
				INFOPLIST_KEY_UISupportedInterfaceOrientations_iPad = "UIInterfaceOrientationPortrait UIInterfaceOrientationPortraitUpsideDown UIInterfaceOrientationLandscapeLeft UIInterfaceOrientationLandscapeRight";
				INFOPLIST_KEY_UISupportedInterfaceOrientations_iPhone = "UIInterfaceOrientationPortrait UIInterfaceOrientationLandscapeLeft UIInterfaceOrientationLandscapeRight";
				LD_RUNPATH_SEARCH_PATHS = (
					"$(inherited)",
					"@executable_path/Frameworks",
				);
				MARKETING_VERSION = 1.0;
				PRODUCT_BUNDLE_IDENTIFIER = edu.nwmissouri.BalmuriCourseRegistrationApp;
				PRODUCT_NAME = "$(TARGET_NAME)";
				SWIFT_EMIT_LOC_STRINGS = YES;
				SWIFT_VERSION = 5.0;
				TARGETED_DEVICE_FAMILY = "1,2";
			};
			name = Debug;
		};
		9A3CE2842990436B005DFB55 /* Release */ = {
			isa = XCBuildConfiguration;
			buildSettings = {
				ASSETCATALOG_COMPILER_APPICON_NAME = AppIcon;
				ASSETCATALOG_COMPILER_GLOBAL_ACCENT_COLOR_NAME = AccentColor;
				CODE_SIGN_STYLE = Automatic;
				CURRENT_PROJECT_VERSION = 1;
				GENERATE_INFOPLIST_FILE = YES;
				INFOPLIST_FILE = BalmuriCourseRegistrationApp/Info.plist;
				INFOPLIST_KEY_UIApplicationSupportsIndirectInputEvents = YES;
				INFOPLIST_KEY_UILaunchStoryboardName = LaunchScreen;
				INFOPLIST_KEY_UIMainStoryboardFile = Main;
				INFOPLIST_KEY_UISupportedInterfaceOrientations_iPad = "UIInterfaceOrientationPortrait UIInterfaceOrientationPortraitUpsideDown UIInterfaceOrientationLandscapeLeft UIInterfaceOrientationLandscapeRight";
				INFOPLIST_KEY_UISupportedInterfaceOrientations_iPhone = "UIInterfaceOrientationPortrait UIInterfaceOrientationLandscapeLeft UIInterfaceOrientationLandscapeRight";
				LD_RUNPATH_SEARCH_PATHS = (
					"$(inherited)",
					"@executable_path/Frameworks",
				);
				MARKETING_VERSION = 1.0;
				PRODUCT_BUNDLE_IDENTIFIER = edu.nwmissouri.BalmuriCourseRegistrationApp;
				PRODUCT_NAME = "$(TARGET_NAME)";
				SWIFT_EMIT_LOC_STRINGS = YES;
				SWIFT_VERSION = 5.0;
				TARGETED_DEVICE_FAMILY = "1,2";
			};
			name = Release;
		};
		9A3CE2862990436B005DFB55 /* Debug */ = {
			isa = XCBuildConfiguration;
			buildSettings = {
				ALWAYS_EMBED_SWIFT_STANDARD_LIBRARIES = YES;
				BUNDLE_LOADER = "$(TEST_HOST)";
				CODE_SIGN_STYLE = Automatic;
				CURRENT_PROJECT_VERSION = 1;
				GENERATE_INFOPLIST_FILE = YES;
				IPHONEOS_DEPLOYMENT_TARGET = 16.0;
				MARKETING_VERSION = 1.0;
				PRODUCT_BUNDLE_IDENTIFIER = edu.nwmissouri.BalmuriCourseRegistrationAppTests;
				PRODUCT_NAME = "$(TARGET_NAME)";
				SWIFT_EMIT_LOC_STRINGS = NO;
				SWIFT_VERSION = 5.0;
				TARGETED_DEVICE_FAMILY = "1,2";
				TEST_HOST = "$(BUILT_PRODUCTS_DIR)/BalmuriCourseRegistrationApp.app/$(BUNDLE_EXECUTABLE_FOLDER_PATH)/BalmuriCourseRegistrationApp";
			};
			name = Debug;
		};
		9A3CE2872990436B005DFB55 /* Release */ = {
			isa = XCBuildConfiguration;
			buildSettings = {
				ALWAYS_EMBED_SWIFT_STANDARD_LIBRARIES = YES;
				BUNDLE_LOADER = "$(TEST_HOST)";
				CODE_SIGN_STYLE = Automatic;
				CURRENT_PROJECT_VERSION = 1;
				GENERATE_INFOPLIST_FILE = YES;
				IPHONEOS_DEPLOYMENT_TARGET = 16.0;
				MARKETING_VERSION = 1.0;
				PRODUCT_BUNDLE_IDENTIFIER = edu.nwmissouri.BalmuriCourseRegistrationAppTests;
				PRODUCT_NAME = "$(TARGET_NAME)";
				SWIFT_EMIT_LOC_STRINGS = NO;
				SWIFT_VERSION = 5.0;
				TARGETED_DEVICE_FAMILY = "1,2";
				TEST_HOST = "$(BUILT_PRODUCTS_DIR)/BalmuriCourseRegistrationApp.app/$(BUNDLE_EXECUTABLE_FOLDER_PATH)/BalmuriCourseRegistrationApp";
			};
			name = Release;
		};
		9A3CE2892990436B005DFB55 /* Debug */ = {
			isa = XCBuildConfiguration;
			buildSettings = {
				ALWAYS_EMBED_SWIFT_STANDARD_LIBRARIES = YES;
				CODE_SIGN_STYLE = Automatic;
				CURRENT_PROJECT_VERSION = 1;
				GENERATE_INFOPLIST_FILE = YES;
				MARKETING_VERSION = 1.0;
				PRODUCT_BUNDLE_IDENTIFIER = edu.nwmissouri.BalmuriCourseRegistrationAppUITests;
				PRODUCT_NAME = "$(TARGET_NAME)";
				SWIFT_EMIT_LOC_STRINGS = NO;
				SWIFT_VERSION = 5.0;
				TARGETED_DEVICE_FAMILY = "1,2";
				TEST_TARGET_NAME = BalmuriCourseRegistrationApp;
			};
			name = Debug;
		};
		9A3CE28A2990436B005DFB55 /* Release */ = {
			isa = XCBuildConfiguration;
			buildSettings = {
				ALWAYS_EMBED_SWIFT_STANDARD_LIBRARIES = YES;
				CODE_SIGN_STYLE = Automatic;
				CURRENT_PROJECT_VERSION = 1;
				GENERATE_INFOPLIST_FILE = YES;
				MARKETING_VERSION = 1.0;
				PRODUCT_BUNDLE_IDENTIFIER = edu.nwmissouri.BalmuriCourseRegistrationAppUITests;
				PRODUCT_NAME = "$(TARGET_NAME)";
				SWIFT_EMIT_LOC_STRINGS = NO;
				SWIFT_VERSION = 5.0;
				TARGETED_DEVICE_FAMILY = "1,2";
				TEST_TARGET_NAME = BalmuriCourseRegistrationApp;
			};
			name = Release;
		};
/* End XCBuildConfiguration section */

/* Begin XCConfigurationList section */
		9A3CE2532990436A005DFB55 /* Build configuration list for PBXProject "BalmuriCourseRegistrationApp" */ = {
			isa = XCConfigurationList;
			buildConfigurations = (
				9A3CE2802990436B005DFB55 /* Debug */,
				9A3CE2812990436B005DFB55 /* Release */,
			);
			defaultConfigurationIsVisible = 0;
			defaultConfigurationName = Release;
		};
		9A3CE2822990436B005DFB55 /* Build configuration list for PBXNativeTarget "BalmuriCourseRegistrationApp" */ = {
			isa = XCConfigurationList;
			buildConfigurations = (
				9A3CE2832990436B005DFB55 /* Debug */,
				9A3CE2842990436B005DFB55 /* Release */,
			);
			defaultConfigurationIsVisible = 0;
			defaultConfigurationName = Release;
		};
		9A3CE2852990436B005DFB55 /* Build configuration list for PBXNativeTarget "BalmuriCourseRegistrationAppTests" */ = {
			isa = XCConfigurationList;
			buildConfigurations = (
				9A3CE2862990436B005DFB55 /* Debug */,
				9A3CE2872990436B005DFB55 /* Release */,
			);
			defaultConfigurationIsVisible = 0;
			defaultConfigurationName = Release;
		};
		9A3CE2882990436B005DFB55 /* Build configuration list for PBXNativeTarget "BalmuriCourseRegistrationAppUITests" */ = {
			isa = XCConfigurationList;
			buildConfigurations = (
				9A3CE2892990436B005DFB55 /* Debug */,
				9A3CE28A2990436B005DFB55 /* Release */,
			);
			defaultConfigurationIsVisible = 0;
			defaultConfigurationName = Release;
		};
/* End XCConfigurationList section */
	};
	rootObject = 9A3CE2502990436A005DFB55 /* Project object */;
}
