// !$*UTF8*$!
{
	archiveVersion = 1;
	classes = {
	};
	objectVersion = 55;
	objects = {

/* Begin PBXBuildFile section */
		9A037D932982F99500B9C210 /* AppDelegate.swift in Sources */ = {isa = PBXBuildFile; fileRef = 9A037D922982F99500B9C210 /* AppDelegate.swift */; };
		9A037D952982F99500B9C210 /* SceneDelegate.swift in Sources */ = {isa = PBXBuildFile; fileRef = 9A037D942982F99500B9C210 /* SceneDelegate.swift */; };
		9A037D972982F99500B9C210 /* ViewController.swift in Sources */ = {isa = PBXBuildFile; fileRef = 9A037D962982F99500B9C210 /* ViewController.swift */; };
		9A037D9A2982F99500B9C210 /* Main.storyboard in Resources */ = {isa = PBXBuildFile; fileRef = 9A037D982982F99500B9C210 /* Main.storyboard */; };
		9A037D9C2982F99600B9C210 /* Assets.xcassets in Resources */ = {isa = PBXBuildFile; fileRef = 9A037D9B2982F99600B9C210 /* Assets.xcassets */; };
		9A037D9F2982F99600B9C210 /* LaunchScreen.storyboard in Resources */ = {isa = PBXBuildFile; fileRef = 9A037D9D2982F99600B9C210 /* LaunchScreen.storyboard */; };
		9A037DAA2982F99700B9C210 /* FirstProjectTests.swift in Sources */ = {isa = PBXBuildFile; fileRef = 9A037DA92982F99700B9C210 /* FirstProjectTests.swift */; };
		9A037DB42982F99700B9C210 /* FirstProjectUITests.swift in Sources */ = {isa = PBXBuildFile; fileRef = 9A037DB32982F99700B9C210 /* FirstProjectUITests.swift */; };
		9A037DB62982F99700B9C210 /* FirstProjectUITestsLaunchTests.swift in Sources */ = {isa = PBXBuildFile; fileRef = 9A037DB52982F99700B9C210 /* FirstProjectUITestsLaunchTests.swift */; };
/* End PBXBuildFile section */

/* Begin PBXContainerItemProxy section */
		9A037DA62982F99700B9C210 /* PBXContainerItemProxy */ = {
			isa = PBXContainerItemProxy;
			containerPortal = 9A037D872982F99500B9C210 /* Project object */;
			proxyType = 1;
			remoteGlobalIDString = 9A037D8E2982F99500B9C210;
			remoteInfo = FirstProject;
		};
		9A037DB02982F99700B9C210 /* PBXContainerItemProxy */ = {
			isa = PBXContainerItemProxy;
			containerPortal = 9A037D872982F99500B9C210 /* Project object */;
			proxyType = 1;
			remoteGlobalIDString = 9A037D8E2982F99500B9C210;
			remoteInfo = FirstProject;
		};
/* End PBXContainerItemProxy section */

/* Begin PBXFileReference section */
		9A037D8F2982F99500B9C210 /* FirstProject.app */ = {isa = PBXFileReference; explicitFileType = wrapper.application; includeInIndex = 0; path = FirstProject.app; sourceTree = BUILT_PRODUCTS_DIR; };
		9A037D922982F99500B9C210 /* AppDelegate.swift */ = {isa = PBXFileReference; lastKnownFileType = sourcecode.swift; path = AppDelegate.swift; sourceTree = "<group>"; };
		9A037D942982F99500B9C210 /* SceneDelegate.swift */ = {isa = PBXFileReference; lastKnownFileType = sourcecode.swift; path = SceneDelegate.swift; sourceTree = "<group>"; };
		9A037D962982F99500B9C210 /* ViewController.swift */ = {isa = PBXFileReference; lastKnownFileType = sourcecode.swift; path = ViewController.swift; sourceTree = "<group>"; };
		9A037D992982F99500B9C210 /* Base */ = {isa = PBXFileReference; lastKnownFileType = file.storyboard; name = Base; path = Base.lproj/Main.storyboard; sourceTree = "<group>"; };
		9A037D9B2982F99600B9C210 /* Assets.xcassets */ = {isa = PBXFileReference; lastKnownFileType = folder.assetcatalog; path = Assets.xcassets; sourceTree = "<group>"; };
		9A037D9E2982F99600B9C210 /* Base */ = {isa = PBXFileReference; lastKnownFileType = file.storyboard; name = Base; path = Base.lproj/LaunchScreen.storyboard; sourceTree = "<group>"; };
		9A037DA02982F99600B9C210 /* Info.plist */ = {isa = PBXFileReference; lastKnownFileType = text.plist.xml; path = Info.plist; sourceTree = "<group>"; };
		9A037DA52982F99700B9C210 /* FirstProjectTests.xctest */ = {isa = PBXFileReference; explicitFileType = wrapper.cfbundle; includeInIndex = 0; path = FirstProjectTests.xctest; sourceTree = BUILT_PRODUCTS_DIR; };
		9A037DA92982F99700B9C210 /* FirstProjectTests.swift */ = {isa = PBXFileReference; lastKnownFileType = sourcecode.swift; path = FirstProjectTests.swift; sourceTree = "<group>"; };
		9A037DAF2982F99700B9C210 /* FirstProjectUITests.xctest */ = {isa = PBXFileReference; explicitFileType = wrapper.cfbundle; includeInIndex = 0; path = FirstProjectUITests.xctest; sourceTree = BUILT_PRODUCTS_DIR; };
		9A037DB32982F99700B9C210 /* FirstProjectUITests.swift */ = {isa = PBXFileReference; lastKnownFileType = sourcecode.swift; path = FirstProjectUITests.swift; sourceTree = "<group>"; };
		9A037DB52982F99700B9C210 /* FirstProjectUITestsLaunchTests.swift */ = {isa = PBXFileReference; lastKnownFileType = sourcecode.swift; path = FirstProjectUITestsLaunchTests.swift; sourceTree = "<group>"; };
/* End PBXFileReference section */

/* Begin PBXFrameworksBuildPhase section */
		9A037D8C2982F99500B9C210 /* Frameworks */ = {
			isa = PBXFrameworksBuildPhase;
			buildActionMask = 2147483647;
			files = (
			);
			runOnlyForDeploymentPostprocessing = 0;
		};
		9A037DA22982F99700B9C210 /* Frameworks */ = {
			isa = PBXFrameworksBuildPhase;
			buildActionMask = 2147483647;
			files = (
			);
			runOnlyForDeploymentPostprocessing = 0;
		};
		9A037DAC2982F99700B9C210 /* Frameworks */ = {
			isa = PBXFrameworksBuildPhase;
			buildActionMask = 2147483647;
			files = (
			);
			runOnlyForDeploymentPostprocessing = 0;
		};
/* End PBXFrameworksBuildPhase section */

/* Begin PBXGroup section */
		9A037D862982F99500B9C210 = {
			isa = PBXGroup;
			children = (
				9A037D912982F99500B9C210 /* FirstProject */,
				9A037DA82982F99700B9C210 /* FirstProjectTests */,
				9A037DB22982F99700B9C210 /* FirstProjectUITests */,
				9A037D902982F99500B9C210 /* Products */,
			);
			sourceTree = "<group>";
		};
		9A037D902982F99500B9C210 /* Products */ = {
			isa = PBXGroup;
			children = (
				9A037D8F2982F99500B9C210 /* FirstProject.app */,
				9A037DA52982F99700B9C210 /* FirstProjectTests.xctest */,
				9A037DAF2982F99700B9C210 /* FirstProjectUITests.xctest */,
			);
			name = Products;
			sourceTree = "<group>";
		};
		9A037D912982F99500B9C210 /* FirstProject */ = {
			isa = PBXGroup;
			children = (
				9A037DC22982F9B100B9C210 /* folder */,
				9A037D962982F99500B9C210 /* ViewController.swift */,
				9A037D982982F99500B9C210 /* Main.storyboard */,
				9A037D9B2982F99600B9C210 /* Assets.xcassets */,
				9A037D9D2982F99600B9C210 /* LaunchScreen.storyboard */,
				9A037DA02982F99600B9C210 /* Info.plist */,
			);
			path = FirstProject;
			sourceTree = "<group>";
		};
		9A037DA82982F99700B9C210 /* FirstProjectTests */ = {
			isa = PBXGroup;
			children = (
				9A037DA92982F99700B9C210 /* FirstProjectTests.swift */,
			);
			path = FirstProjectTests;
			sourceTree = "<group>";
		};
		9A037DB22982F99700B9C210 /* FirstProjectUITests */ = {
			isa = PBXGroup;
			children = (
				9A037DB32982F99700B9C210 /* FirstProjectUITests.swift */,
				9A037DB52982F99700B9C210 /* FirstProjectUITestsLaunchTests.swift */,
			);
			path = FirstProjectUITests;
			sourceTree = "<group>";
		};
		9A037DC22982F9B100B9C210 /* folder */ = {
			isa = PBXGroup;
			children = (
				9A037D922982F99500B9C210 /* AppDelegate.swift */,
				9A037D942982F99500B9C210 /* SceneDelegate.swift */,
			);
			path = folder;
			sourceTree = "<group>";
		};
/* End PBXGroup section */

/* Begin PBXNativeTarget section */
		9A037D8E2982F99500B9C210 /* FirstProject */ = {
			isa = PBXNativeTarget;
			buildConfigurationList = 9A037DB92982F99700B9C210 /* Build configuration list for PBXNativeTarget "FirstProject" */;
			buildPhases = (
				9A037D8B2982F99500B9C210 /* Sources */,
				9A037D8C2982F99500B9C210 /* Frameworks */,
				9A037D8D2982F99500B9C210 /* Resources */,
			);
			buildRules = (
			);
			dependencies = (
			);
			name = FirstProject;
			productName = FirstProject;
			productReference = 9A037D8F2982F99500B9C210 /* FirstProject.app */;
			productType = "com.apple.product-type.application";
		};
		9A037DA42982F99700B9C210 /* FirstProjectTests */ = {
			isa = PBXNativeTarget;
			buildConfigurationList = 9A037DBC2982F99700B9C210 /* Build configuration list for PBXNativeTarget "FirstProjectTests" */;
			buildPhases = (
				9A037DA12982F99700B9C210 /* Sources */,
				9A037DA22982F99700B9C210 /* Frameworks */,
				9A037DA32982F99700B9C210 /* Resources */,
			);
			buildRules = (
			);
			dependencies = (
				9A037DA72982F99700B9C210 /* PBXTargetDependency */,
			);
			name = FirstProjectTests;
			productName = FirstProjectTests;
			productReference = 9A037DA52982F99700B9C210 /* FirstProjectTests.xctest */;
			productType = "com.apple.product-type.bundle.unit-test";
		};
		9A037DAE2982F99700B9C210 /* FirstProjectUITests */ = {
			isa = PBXNativeTarget;
			buildConfigurationList = 9A037DBF2982F99700B9C210 /* Build configuration list for PBXNativeTarget "FirstProjectUITests" */;
			buildPhases = (
				9A037DAB2982F99700B9C210 /* Sources */,
				9A037DAC2982F99700B9C210 /* Frameworks */,
				9A037DAD2982F99700B9C210 /* Resources */,
			);
			buildRules = (
			);
			dependencies = (
				9A037DB12982F99700B9C210 /* PBXTargetDependency */,
			);
			name = FirstProjectUITests;
			productName = FirstProjectUITests;
			productReference = 9A037DAF2982F99700B9C210 /* FirstProjectUITests.xctest */;
			productType = "com.apple.product-type.bundle.ui-testing";
		};
/* End PBXNativeTarget section */

/* Begin PBXProject section */
		9A037D872982F99500B9C210 /* Project object */ = {
			isa = PBXProject;
			attributes = {
				BuildIndependentTargetsInParallel = 1;
				LastSwiftUpdateCheck = 1340;
				LastUpgradeCheck = 1340;
				TargetAttributes = {
					9A037D8E2982F99500B9C210 = {
						CreatedOnToolsVersion = 13.4.1;
					};
					9A037DA42982F99700B9C210 = {
						CreatedOnToolsVersion = 13.4.1;
						TestTargetID = 9A037D8E2982F99500B9C210;
					};
					9A037DAE2982F99700B9C210 = {
						CreatedOnToolsVersion = 13.4.1;
						TestTargetID = 9A037D8E2982F99500B9C210;
					};
				};
			};
			buildConfigurationList = 9A037D8A2982F99500B9C210 /* Build configuration list for PBXProject "FirstProject" */;
			compatibilityVersion = "Xcode 13.0";
			developmentRegion = en;
			hasScannedForEncodings = 0;
			knownRegions = (
				en,
				Base,
			);
			mainGroup = 9A037D862982F99500B9C210;
			productRefGroup = 9A037D902982F99500B9C210 /* Products */;
			projectDirPath = "";
			projectRoot = "";
			targets = (
				9A037D8E2982F99500B9C210 /* FirstProject */,
				9A037DA42982F99700B9C210 /* FirstProjectTests */,
				9A037DAE2982F99700B9C210 /* FirstProjectUITests */,
			);
		};
/* End PBXProject section */

/* Begin PBXResourcesBuildPhase section */
		9A037D8D2982F99500B9C210 /* Resources */ = {
			isa = PBXResourcesBuildPhase;
			buildActionMask = 2147483647;
			files = (
				9A037D9F2982F99600B9C210 /* LaunchScreen.storyboard in Resources */,
				9A037D9C2982F99600B9C210 /* Assets.xcassets in Resources */,
				9A037D9A2982F99500B9C210 /* Main.storyboard in Resources */,
			);
			runOnlyForDeploymentPostprocessing = 0;
		};
		9A037DA32982F99700B9C210 /* Resources */ = {
			isa = PBXResourcesBuildPhase;
			buildActionMask = 2147483647;
			files = (
			);
			runOnlyForDeploymentPostprocessing = 0;
		};
		9A037DAD2982F99700B9C210 /* Resources */ = {
			isa = PBXResourcesBuildPhase;
			buildActionMask = 2147483647;
			files = (
			);
			runOnlyForDeploymentPostprocessing = 0;
		};
/* End PBXResourcesBuildPhase section */

/* Begin PBXSourcesBuildPhase section */
		9A037D8B2982F99500B9C210 /* Sources */ = {
			isa = PBXSourcesBuildPhase;
			buildActionMask = 2147483647;
			files = (
				9A037D972982F99500B9C210 /* ViewController.swift in Sources */,
				9A037D932982F99500B9C210 /* AppDelegate.swift in Sources */,
				9A037D952982F99500B9C210 /* SceneDelegate.swift in Sources */,
			);
			runOnlyForDeploymentPostprocessing = 0;
		};
		9A037DA12982F99700B9C210 /* Sources */ = {
			isa = PBXSourcesBuildPhase;
			buildActionMask = 2147483647;
			files = (
				9A037DAA2982F99700B9C210 /* FirstProjectTests.swift in Sources */,
			);
			runOnlyForDeploymentPostprocessing = 0;
		};
		9A037DAB2982F99700B9C210 /* Sources */ = {
			isa = PBXSourcesBuildPhase;
			buildActionMask = 2147483647;
			files = (
				9A037DB42982F99700B9C210 /* FirstProjectUITests.swift in Sources */,
				9A037DB62982F99700B9C210 /* FirstProjectUITestsLaunchTests.swift in Sources */,
			);
			runOnlyForDeploymentPostprocessing = 0;
		};
/* End PBXSourcesBuildPhase section */

/* Begin PBXTargetDependency section */
		9A037DA72982F99700B9C210 /* PBXTargetDependency */ = {
			isa = PBXTargetDependency;
			target = 9A037D8E2982F99500B9C210 /* FirstProject */;
			targetProxy = 9A037DA62982F99700B9C210 /* PBXContainerItemProxy */;
		};
		9A037DB12982F99700B9C210 /* PBXTargetDependency */ = {
			isa = PBXTargetDependency;
			target = 9A037D8E2982F99500B9C210 /* FirstProject */;
			targetProxy = 9A037DB02982F99700B9C210 /* PBXContainerItemProxy */;
		};
/* End PBXTargetDependency section */

/* Begin PBXVariantGroup section */
		9A037D982982F99500B9C210 /* Main.storyboard */ = {
			isa = PBXVariantGroup;
			children = (
				9A037D992982F99500B9C210 /* Base */,
			);
			name = Main.storyboard;
			sourceTree = "<group>";
		};
		9A037D9D2982F99600B9C210 /* LaunchScreen.storyboard */ = {
			isa = PBXVariantGroup;
			children = (
				9A037D9E2982F99600B9C210 /* Base */,
			);
			name = LaunchScreen.storyboard;
			sourceTree = "<group>";
		};
/* End PBXVariantGroup section */

/* Begin XCBuildConfiguration section */
		9A037DB72982F99700B9C210 /* Debug */ = {
			isa = XCBuildConfiguration;
			buildSettings = {
				ALWAYS_SEARCH_USER_PATHS = NO;
				CLANG_ANALYZER_NONNULL = YES;
				CLANG_ANALYZER_NUMBER_OBJECT_CONVERSION = YES_AGGRESSIVE;
				CLANG_CXX_LANGUAGE_STANDARD = "gnu++17";
				CLANG_ENABLE_MODULES = YES;
				CLANG_ENABLE_OBJC_ARC = YES;
				CLANG_ENABLE_OBJC_WEAK = YES;
				CLANG_WARN_BLOCK_CAPTURE_AUTORELEASING = YES;
				CLANG_WARN_BOOL_CONVERSION = YES;
				CLANG_WARN_COMMA = YES;
				CLANG_WARN_CONSTANT_CONVERSION = YES;
				CLANG_WARN_DEPRECATED_OBJC_IMPLEMENTATIONS = YES;
				CLANG_WARN_DIRECT_OBJC_ISA_USAGE = YES_ERROR;
				CLANG_WARN_DOCUMENTATION_COMMENTS = YES;
				CLANG_WARN_EMPTY_BODY = YES;
				CLANG_WARN_ENUM_CONVERSION = YES;
				CLANG_WARN_INFINITE_RECURSION = YES;
				CLANG_WARN_INT_CONVERSION = YES;
				CLANG_WARN_NON_LITERAL_NULL_CONVERSION = YES;
				CLANG_WARN_OBJC_IMPLICIT_RETAIN_SELF = YES;
				CLANG_WARN_OBJC_LITERAL_CONVERSION = YES;
				CLANG_WARN_OBJC_ROOT_CLASS = YES_ERROR;
				CLANG_WARN_QUOTED_INCLUDE_IN_FRAMEWORK_HEADER = YES;
				CLANG_WARN_RANGE_LOOP_ANALYSIS = YES;
				CLANG_WARN_STRICT_PROTOTYPES = YES;
				CLANG_WARN_SUSPICIOUS_MOVE = YES;
				CLANG_WARN_UNGUARDED_AVAILABILITY = YES_AGGRESSIVE;
				CLANG_WARN_UNREACHABLE_CODE = YES;
				CLANG_WARN__DUPLICATE_METHOD_MATCH = YES;
				COPY_PHASE_STRIP = NO;
				DEBUG_INFORMATION_FORMAT = dwarf;
				ENABLE_STRICT_OBJC_MSGSEND = YES;
				ENABLE_TESTABILITY = YES;
				GCC_C_LANGUAGE_STANDARD = gnu11;
				GCC_DYNAMIC_NO_PIC = NO;
				GCC_NO_COMMON_BLOCKS = YES;
				GCC_OPTIMIZATION_LEVEL = 0;
				GCC_PREPROCESSOR_DEFINITIONS = (
					"DEBUG=1",
					"$(inherited)",
				);
				GCC_WARN_64_TO_32_BIT_CONVERSION = YES;
				GCC_WARN_ABOUT_RETURN_TYPE = YES_ERROR;
				GCC_WARN_UNDECLARED_SELECTOR = YES;
				GCC_WARN_UNINITIALIZED_AUTOS = YES_AGGRESSIVE;
				GCC_WARN_UNUSED_FUNCTION = YES;
				GCC_WARN_UNUSED_VARIABLE = YES;
				IPHONEOS_DEPLOYMENT_TARGET = 15.5;
				MTL_ENABLE_DEBUG_INFO = INCLUDE_SOURCE;
				MTL_FAST_MATH = YES;
				ONLY_ACTIVE_ARCH = YES;
				SDKROOT = iphoneos;
				SWIFT_ACTIVE_COMPILATION_CONDITIONS = DEBUG;
				SWIFT_OPTIMIZATION_LEVEL = "-Onone";
			};
			name = Debug;
		};
		9A037DB82982F99700B9C210 /* Release */ = {
			isa = XCBuildConfiguration;
			buildSettings = {
				ALWAYS_SEARCH_USER_PATHS = NO;
				CLANG_ANALYZER_NONNULL = YES;
				CLANG_ANALYZER_NUMBER_OBJECT_CONVERSION = YES_AGGRESSIVE;
				CLANG_CXX_LANGUAGE_STANDARD = "gnu++17";
				CLANG_ENABLE_MODULES = YES;
				CLANG_ENABLE_OBJC_ARC = YES;
				CLANG_ENABLE_OBJC_WEAK = YES;
				CLANG_WARN_BLOCK_CAPTURE_AUTORELEASING = YES;
				CLANG_WARN_BOOL_CONVERSION = YES;
				CLANG_WARN_COMMA = YES;
				CLANG_WARN_CONSTANT_CONVERSION = YES;
				CLANG_WARN_DEPRECATED_OBJC_IMPLEMENTATIONS = YES;
				CLANG_WARN_DIRECT_OBJC_ISA_USAGE = YES_ERROR;
				CLANG_WARN_DOCUMENTATION_COMMENTS = YES;
				CLANG_WARN_EMPTY_BODY = YES;
				CLANG_WARN_ENUM_CONVERSION = YES;
				CLANG_WARN_INFINITE_RECURSION = YES;
				CLANG_WARN_INT_CONVERSION = YES;
				CLANG_WARN_NON_LITERAL_NULL_CONVERSION = YES;
				CLANG_WARN_OBJC_IMPLICIT_RETAIN_SELF = YES;
				CLANG_WARN_OBJC_LITERAL_CONVERSION = YES;
				CLANG_WARN_OBJC_ROOT_CLASS = YES_ERROR;
				CLANG_WARN_QUOTED_INCLUDE_IN_FRAMEWORK_HEADER = YES;
				CLANG_WARN_RANGE_LOOP_ANALYSIS = YES;
				CLANG_WARN_STRICT_PROTOTYPES = YES;
				CLANG_WARN_SUSPICIOUS_MOVE = YES;
				CLANG_WARN_UNGUARDED_AVAILABILITY = YES_AGGRESSIVE;
				CLANG_WARN_UNREACHABLE_CODE = YES;
				CLANG_WARN__DUPLICATE_METHOD_MATCH = YES;
				COPY_PHASE_STRIP = NO;
				DEBUG_INFORMATION_FORMAT = "dwarf-with-dsym";
				ENABLE_NS_ASSERTIONS = NO;
				ENABLE_STRICT_OBJC_MSGSEND = YES;
				GCC_C_LANGUAGE_STANDARD = gnu11;
				GCC_NO_COMMON_BLOCKS = YES;
				GCC_WARN_64_TO_32_BIT_CONVERSION = YES;
				GCC_WARN_ABOUT_RETURN_TYPE = YES_ERROR;
				GCC_WARN_UNDECLARED_SELECTOR = YES;
				GCC_WARN_UNINITIALIZED_AUTOS = YES_AGGRESSIVE;
				GCC_WARN_UNUSED_FUNCTION = YES;
				GCC_WARN_UNUSED_VARIABLE = YES;
				IPHONEOS_DEPLOYMENT_TARGET = 15.5;
				MTL_ENABLE_DEBUG_INFO = NO;
				MTL_FAST_MATH = YES;
				SDKROOT = iphoneos;
				SWIFT_COMPILATION_MODE = wholemodule;
				SWIFT_OPTIMIZATION_LEVEL = "-O";
				VALIDATE_PRODUCT = YES;
			};
			name = Release;
		};
		9A037DBA2982F99700B9C210 /* Debug */ = {
			isa = XCBuildConfiguration;
			buildSettings = {
				ASSETCATALOG_COMPILER_APPICON_NAME = AppIcon;
				ASSETCATALOG_COMPILER_GLOBAL_ACCENT_COLOR_NAME = AccentColor;
				CODE_SIGN_STYLE = Automatic;
				CURRENT_PROJECT_VERSION = 1;
				GENERATE_INFOPLIST_FILE = YES;
				INFOPLIST_FILE = FirstProject/Info.plist;
				INFOPLIST_KEY_UIApplicationSupportsIndirectInputEvents = YES;
				INFOPLIST_KEY_UILaunchStoryboardName = LaunchScreen;
				INFOPLIST_KEY_UIMainStoryboardFile = Main;
				INFOPLIST_KEY_UISupportedInterfaceOrientations_iPad = "UIInterfaceOrientationPortrait UIInterfaceOrientationPortraitUpsideDown UIInterfaceOrientationLandscapeLeft UIInterfaceOrientationLandscapeRight";
				INFOPLIST_KEY_UISupportedInterfaceOrientations_iPhone = "UIInterfaceOrientationPortrait UIInterfaceOrientationLandscapeLeft UIInterfaceOrientationLandscapeRight";
				LD_RUNPATH_SEARCH_PATHS = (
					"$(inherited)",
					"@executable_path/Frameworks",
				);
				MARKETING_VERSION = 1.0;
				PRODUCT_BUNDLE_IDENTIFIER = edu.nwmissouri.FirstProject;
				PRODUCT_NAME = "$(TARGET_NAME)";
				SWIFT_EMIT_LOC_STRINGS = YES;
				SWIFT_VERSION = 5.0;
				TARGETED_DEVICE_FAMILY = "1,2";
			};
			name = Debug;
		};
		9A037DBB2982F99700B9C210 /* Release */ = {
			isa = XCBuildConfiguration;
			buildSettings = {
				ASSETCATALOG_COMPILER_APPICON_NAME = AppIcon;
				ASSETCATALOG_COMPILER_GLOBAL_ACCENT_COLOR_NAME = AccentColor;
				CODE_SIGN_STYLE = Automatic;
				CURRENT_PROJECT_VERSION = 1;
				GENERATE_INFOPLIST_FILE = YES;
				INFOPLIST_FILE = FirstProject/Info.plist;
				INFOPLIST_KEY_UIApplicationSupportsIndirectInputEvents = YES;
				INFOPLIST_KEY_UILaunchStoryboardName = LaunchScreen;
				INFOPLIST_KEY_UIMainStoryboardFile = Main;
				INFOPLIST_KEY_UISupportedInterfaceOrientations_iPad = "UIInterfaceOrientationPortrait UIInterfaceOrientationPortraitUpsideDown UIInterfaceOrientationLandscapeLeft UIInterfaceOrientationLandscapeRight";
				INFOPLIST_KEY_UISupportedInterfaceOrientations_iPhone = "UIInterfaceOrientationPortrait UIInterfaceOrientationLandscapeLeft UIInterfaceOrientationLandscapeRight";
				LD_RUNPATH_SEARCH_PATHS = (
					"$(inherited)",
					"@executable_path/Frameworks",
				);
				MARKETING_VERSION = 1.0;
				PRODUCT_BUNDLE_IDENTIFIER = edu.nwmissouri.FirstProject;
				PRODUCT_NAME = "$(TARGET_NAME)";
				SWIFT_EMIT_LOC_STRINGS = YES;
				SWIFT_VERSION = 5.0;
				TARGETED_DEVICE_FAMILY = "1,2";
			};
			name = Release;
		};
		9A037DBD2982F99700B9C210 /* Debug */ = {
			isa = XCBuildConfiguration;
			buildSettings = {
				ALWAYS_EMBED_SWIFT_STANDARD_LIBRARIES = YES;
				BUNDLE_LOADER = "$(TEST_HOST)";
				CODE_SIGN_STYLE = Automatic;
				CURRENT_PROJECT_VERSION = 1;
				GENERATE_INFOPLIST_FILE = YES;
				IPHONEOS_DEPLOYMENT_TARGET = 15.5;
				MARKETING_VERSION = 1.0;
				PRODUCT_BUNDLE_IDENTIFIER = edu.nwmissouri.FirstProjectTests;
				PRODUCT_NAME = "$(TARGET_NAME)";
				SWIFT_EMIT_LOC_STRINGS = NO;
				SWIFT_VERSION = 5.0;
				TARGETED_DEVICE_FAMILY = "1,2";
				TEST_HOST = "$(BUILT_PRODUCTS_DIR)/FirstProject.app/FirstProject";
			};
			name = Debug;
		};
		9A037DBE2982F99700B9C210 /* Release */ = {
			isa = XCBuildConfiguration;
			buildSettings = {
				ALWAYS_EMBED_SWIFT_STANDARD_LIBRARIES = YES;
				BUNDLE_LOADER = "$(TEST_HOST)";
				CODE_SIGN_STYLE = Automatic;
				CURRENT_PROJECT_VERSION = 1;
				GENERATE_INFOPLIST_FILE = YES;
				IPHONEOS_DEPLOYMENT_TARGET = 15.5;
				MARKETING_VERSION = 1.0;
				PRODUCT_BUNDLE_IDENTIFIER = edu.nwmissouri.FirstProjectTests;
				PRODUCT_NAME = "$(TARGET_NAME)";
				SWIFT_EMIT_LOC_STRINGS = NO;
				SWIFT_VERSION = 5.0;
				TARGETED_DEVICE_FAMILY = "1,2";
				TEST_HOST = "$(BUILT_PRODUCTS_DIR)/FirstProject.app/FirstProject";
			};
			name = Release;
		};
		9A037DC02982F99700B9C210 /* Debug */ = {
			isa = XCBuildConfiguration;
			buildSettings = {
				ALWAYS_EMBED_SWIFT_STANDARD_LIBRARIES = YES;
				CODE_SIGN_STYLE = Automatic;
				CURRENT_PROJECT_VERSION = 1;
				GENERATE_INFOPLIST_FILE = YES;
				MARKETING_VERSION = 1.0;
				PRODUCT_BUNDLE_IDENTIFIER = edu.nwmissouri.FirstProjectUITests;
				PRODUCT_NAME = "$(TARGET_NAME)";
				SWIFT_EMIT_LOC_STRINGS = NO;
				SWIFT_VERSION = 5.0;
				TARGETED_DEVICE_FAMILY = "1,2";
				TEST_TARGET_NAME = FirstProject;
			};
			name = Debug;
		};
		9A037DC12982F99700B9C210 /* Release */ = {
			isa = XCBuildConfiguration;
			buildSettings = {
				ALWAYS_EMBED_SWIFT_STANDARD_LIBRARIES = YES;
				CODE_SIGN_STYLE = Automatic;
				CURRENT_PROJECT_VERSION = 1;
				GENERATE_INFOPLIST_FILE = YES;
				MARKETING_VERSION = 1.0;
				PRODUCT_BUNDLE_IDENTIFIER = edu.nwmissouri.FirstProjectUITests;
				PRODUCT_NAME = "$(TARGET_NAME)";
				SWIFT_EMIT_LOC_STRINGS = NO;
				SWIFT_VERSION = 5.0;
				TARGETED_DEVICE_FAMILY = "1,2";
				TEST_TARGET_NAME = FirstProject;
			};
			name = Release;
		};
/* End XCBuildConfiguration section */

/* Begin XCConfigurationList section */
		9A037D8A2982F99500B9C210 /* Build configuration list for PBXProject "FirstProject" */ = {
			isa = XCConfigurationList;
			buildConfigurations = (
				9A037DB72982F99700B9C210 /* Debug */,
				9A037DB82982F99700B9C210 /* Release */,
			);
			defaultConfigurationIsVisible = 0;
			defaultConfigurationName = Release;
		};
		9A037DB92982F99700B9C210 /* Build configuration list for PBXNativeTarget "FirstProject" */ = {
			isa = XCConfigurationList;
			buildConfigurations = (
				9A037DBA2982F99700B9C210 /* Debug */,
				9A037DBB2982F99700B9C210 /* Release */,
			);
			defaultConfigurationIsVisible = 0;
			defaultConfigurationName = Release;
		};
		9A037DBC2982F99700B9C210 /* Build configuration list for PBXNativeTarget "FirstProjectTests" */ = {
			isa = XCConfigurationList;
			buildConfigurations = (
				9A037DBD2982F99700B9C210 /* Debug */,
				9A037DBE2982F99700B9C210 /* Release */,
			);
			defaultConfigurationIsVisible = 0;
			defaultConfigurationName = Release;
		};
		9A037DBF2982F99700B9C210 /* Build configuration list for PBXNativeTarget "FirstProjectUITests" */ = {
			isa = XCConfigurationList;
			buildConfigurations = (
				9A037DC02982F99700B9C210 /* Debug */,
				9A037DC12982F99700B9C210 /* Release */,
			);
			defaultConfigurationIsVisible = 0;
			defaultConfigurationName = Release;
		};
/* End XCConfigurationList section */
	};
	rootObject = 9A037D872982F99500B9C210 /* Project object */;
}
