// !$*UTF8*$!
{
	archiveVersion = 1;
	classes = {
	};
	objectVersion = 55;
	objects = {

/* Begin PBXBuildFile section */
		9AB832C52992CCE4003CFE07 /* AppDelegate.swift in Sources */ = {isa = PBXBuildFile; fileRef = 9AB832C42992CCE4003CFE07 /* AppDelegate.swift */; };
		9AB832C72992CCE4003CFE07 /* SceneDelegate.swift in Sources */ = {isa = PBXBuildFile; fileRef = 9AB832C62992CCE4003CFE07 /* SceneDelegate.swift */; };
		9AB832C92992CCE4003CFE07 /* ViewController.swift in Sources */ = {isa = PBXBuildFile; fileRef = 9AB832C82992CCE4003CFE07 /* ViewController.swift */; };
		9AB832CC2992CCE4003CFE07 /* Main.storyboard in Resources */ = {isa = PBXBuildFile; fileRef = 9AB832CA2992CCE4003CFE07 /* Main.storyboard */; };
		9AB832CE2992CCE5003CFE07 /* Assets.xcassets in Resources */ = {isa = PBXBuildFile; fileRef = 9AB832CD2992CCE5003CFE07 /* Assets.xcassets */; };
		9AB832D12992CCE5003CFE07 /* LaunchScreen.storyboard in Resources */ = {isa = PBXBuildFile; fileRef = 9AB832CF2992CCE5003CFE07 /* LaunchScreen.storyboard */; };
		9AB832DC2992CCE6003CFE07 /* CalculatorTests.swift in Sources */ = {isa = PBXBuildFile; fileRef = 9AB832DB2992CCE6003CFE07 /* CalculatorTests.swift */; };
		9AB832E62992CCE6003CFE07 /* CalculatorUITests.swift in Sources */ = {isa = PBXBuildFile; fileRef = 9AB832E52992CCE6003CFE07 /* CalculatorUITests.swift */; };
		9AB832E82992CCE6003CFE07 /* CalculatorUITestsLaunchTests.swift in Sources */ = {isa = PBXBuildFile; fileRef = 9AB832E72992CCE6003CFE07 /* CalculatorUITestsLaunchTests.swift */; };
		9AB832F62992CDA5003CFE07 /* MathExpression in Frameworks */ = {isa = PBXBuildFile; productRef = 9AB832F52992CDA5003CFE07 /* MathExpression */; };
/* End PBXBuildFile section */

/* Begin PBXContainerItemProxy section */
		9AB832D82992CCE6003CFE07 /* PBXContainerItemProxy */ = {
			isa = PBXContainerItemProxy;
			containerPortal = 9AB832B92992CCE4003CFE07 /* Project object */;
			proxyType = 1;
			remoteGlobalIDString = 9AB832C02992CCE4003CFE07;
			remoteInfo = Calculator;
		};
		9AB832E22992CCE6003CFE07 /* PBXContainerItemProxy */ = {
			isa = PBXContainerItemProxy;
			containerPortal = 9AB832B92992CCE4003CFE07 /* Project object */;
			proxyType = 1;
			remoteGlobalIDString = 9AB832C02992CCE4003CFE07;
			remoteInfo = Calculator;
		};
/* End PBXContainerItemProxy section */

/* Begin PBXFileReference section */
		9AB832C12992CCE4003CFE07 /* Calculator.app */ = {isa = PBXFileReference; explicitFileType = wrapper.application; includeInIndex = 0; path = Calculator.app; sourceTree = BUILT_PRODUCTS_DIR; };
		9AB832C42992CCE4003CFE07 /* AppDelegate.swift */ = {isa = PBXFileReference; lastKnownFileType = sourcecode.swift; path = AppDelegate.swift; sourceTree = "<group>"; };
		9AB832C62992CCE4003CFE07 /* SceneDelegate.swift */ = {isa = PBXFileReference; lastKnownFileType = sourcecode.swift; path = SceneDelegate.swift; sourceTree = "<group>"; };
		9AB832C82992CCE4003CFE07 /* ViewController.swift */ = {isa = PBXFileReference; lastKnownFileType = sourcecode.swift; path = ViewController.swift; sourceTree = "<group>"; };
		9AB832CB2992CCE4003CFE07 /* Base */ = {isa = PBXFileReference; lastKnownFileType = file.storyboard; name = Base; path = Base.lproj/Main.storyboard; sourceTree = "<group>"; };
		9AB832CD2992CCE5003CFE07 /* Assets.xcassets */ = {isa = PBXFileReference; lastKnownFileType = folder.assetcatalog; path = Assets.xcassets; sourceTree = "<group>"; };
		9AB832D02992CCE5003CFE07 /* Base */ = {isa = PBXFileReference; lastKnownFileType = file.storyboard; name = Base; path = Base.lproj/LaunchScreen.storyboard; sourceTree = "<group>"; };
		9AB832D22992CCE5003CFE07 /* Info.plist */ = {isa = PBXFileReference; lastKnownFileType = text.plist.xml; path = Info.plist; sourceTree = "<group>"; };
		9AB832D72992CCE6003CFE07 /* CalculatorTests.xctest */ = {isa = PBXFileReference; explicitFileType = wrapper.cfbundle; includeInIndex = 0; path = CalculatorTests.xctest; sourceTree = BUILT_PRODUCTS_DIR; };
		9AB832DB2992CCE6003CFE07 /* CalculatorTests.swift */ = {isa = PBXFileReference; lastKnownFileType = sourcecode.swift; path = CalculatorTests.swift; sourceTree = "<group>"; };
		9AB832E12992CCE6003CFE07 /* CalculatorUITests.xctest */ = {isa = PBXFileReference; explicitFileType = wrapper.cfbundle; includeInIndex = 0; path = CalculatorUITests.xctest; sourceTree = BUILT_PRODUCTS_DIR; };
		9AB832E52992CCE6003CFE07 /* CalculatorUITests.swift */ = {isa = PBXFileReference; lastKnownFileType = sourcecode.swift; path = CalculatorUITests.swift; sourceTree = "<group>"; };
		9AB832E72992CCE6003CFE07 /* CalculatorUITestsLaunchTests.swift */ = {isa = PBXFileReference; lastKnownFileType = sourcecode.swift; path = CalculatorUITestsLaunchTests.swift; sourceTree = "<group>"; };
/* End PBXFileReference section */

/* Begin PBXFrameworksBuildPhase section */
		9AB832BE2992CCE4003CFE07 /* Frameworks */ = {
			isa = PBXFrameworksBuildPhase;
			buildActionMask = 2147483647;
			files = (
				9AB832F62992CDA5003CFE07 /* MathExpression in Frameworks */,
			);
			runOnlyForDeploymentPostprocessing = 0;
		};
		9AB832D42992CCE6003CFE07 /* Frameworks */ = {
			isa = PBXFrameworksBuildPhase;
			buildActionMask = 2147483647;
			files = (
			);
			runOnlyForDeploymentPostprocessing = 0;
		};
		9AB832DE2992CCE6003CFE07 /* Frameworks */ = {
			isa = PBXFrameworksBuildPhase;
			buildActionMask = 2147483647;
			files = (
			);
			runOnlyForDeploymentPostprocessing = 0;
		};
/* End PBXFrameworksBuildPhase section */

/* Begin PBXGroup section */
		9AB832B82992CCE4003CFE07 = {
			isa = PBXGroup;
			children = (
				9AB832C32992CCE4003CFE07 /* Calculator */,
				9AB832DA2992CCE6003CFE07 /* CalculatorTests */,
				9AB832E42992CCE6003CFE07 /* CalculatorUITests */,
				9AB832C22992CCE4003CFE07 /* Products */,
			);
			sourceTree = "<group>";
		};
		9AB832C22992CCE4003CFE07 /* Products */ = {
			isa = PBXGroup;
			children = (
				9AB832C12992CCE4003CFE07 /* Calculator.app */,
				9AB832D72992CCE6003CFE07 /* CalculatorTests.xctest */,
				9AB832E12992CCE6003CFE07 /* CalculatorUITests.xctest */,
			);
			name = Products;
			sourceTree = "<group>";
		};
		9AB832C32992CCE4003CFE07 /* Calculator */ = {
			isa = PBXGroup;
			children = (
				9AB832C42992CCE4003CFE07 /* AppDelegate.swift */,
				9AB832C62992CCE4003CFE07 /* SceneDelegate.swift */,
				9AB832C82992CCE4003CFE07 /* ViewController.swift */,
				9AB832CA2992CCE4003CFE07 /* Main.storyboard */,
				9AB832CD2992CCE5003CFE07 /* Assets.xcassets */,
				9AB832CF2992CCE5003CFE07 /* LaunchScreen.storyboard */,
				9AB832D22992CCE5003CFE07 /* Info.plist */,
			);
			path = Calculator;
			sourceTree = "<group>";
		};
		9AB832DA2992CCE6003CFE07 /* CalculatorTests */ = {
			isa = PBXGroup;
			children = (
				9AB832DB2992CCE6003CFE07 /* CalculatorTests.swift */,
			);
			path = CalculatorTests;
			sourceTree = "<group>";
		};
		9AB832E42992CCE6003CFE07 /* CalculatorUITests */ = {
			isa = PBXGroup;
			children = (
				9AB832E52992CCE6003CFE07 /* CalculatorUITests.swift */,
				9AB832E72992CCE6003CFE07 /* CalculatorUITestsLaunchTests.swift */,
			);
			path = CalculatorUITests;
			sourceTree = "<group>";
		};
/* End PBXGroup section */

/* Begin PBXNativeTarget section */
		9AB832C02992CCE4003CFE07 /* Calculator */ = {
			isa = PBXNativeTarget;
			buildConfigurationList = 9AB832EB2992CCE6003CFE07 /* Build configuration list for PBXNativeTarget "Calculator" */;
			buildPhases = (
				9AB832BD2992CCE4003CFE07 /* Sources */,
				9AB832BE2992CCE4003CFE07 /* Frameworks */,
				9AB832BF2992CCE4003CFE07 /* Resources */,
			);
			buildRules = (
			);
			dependencies = (
			);
			name = Calculator;
			packageProductDependencies = (
				9AB832F52992CDA5003CFE07 /* MathExpression */,
			);
			productName = Calculator;
			productReference = 9AB832C12992CCE4003CFE07 /* Calculator.app */;
			productType = "com.apple.product-type.application";
		};
		9AB832D62992CCE6003CFE07 /* CalculatorTests */ = {
			isa = PBXNativeTarget;
			buildConfigurationList = 9AB832EE2992CCE6003CFE07 /* Build configuration list for PBXNativeTarget "CalculatorTests" */;
			buildPhases = (
				9AB832D32992CCE6003CFE07 /* Sources */,
				9AB832D42992CCE6003CFE07 /* Frameworks */,
				9AB832D52992CCE6003CFE07 /* Resources */,
			);
			buildRules = (
			);
			dependencies = (
				9AB832D92992CCE6003CFE07 /* PBXTargetDependency */,
			);
			name = CalculatorTests;
			productName = CalculatorTests;
			productReference = 9AB832D72992CCE6003CFE07 /* CalculatorTests.xctest */;
			productType = "com.apple.product-type.bundle.unit-test";
		};
		9AB832E02992CCE6003CFE07 /* CalculatorUITests */ = {
			isa = PBXNativeTarget;
			buildConfigurationList = 9AB832F12992CCE6003CFE07 /* Build configuration list for PBXNativeTarget "CalculatorUITests" */;
			buildPhases = (
				9AB832DD2992CCE6003CFE07 /* Sources */,
				9AB832DE2992CCE6003CFE07 /* Frameworks */,
				9AB832DF2992CCE6003CFE07 /* Resources */,
			);
			buildRules = (
			);
			dependencies = (
				9AB832E32992CCE6003CFE07 /* PBXTargetDependency */,
			);
			name = CalculatorUITests;
			productName = CalculatorUITests;
			productReference = 9AB832E12992CCE6003CFE07 /* CalculatorUITests.xctest */;
			productType = "com.apple.product-type.bundle.ui-testing";
		};
/* End PBXNativeTarget section */

/* Begin PBXProject section */
		9AB832B92992CCE4003CFE07 /* Project object */ = {
			isa = PBXProject;
			attributes = {
				BuildIndependentTargetsInParallel = 1;
				LastSwiftUpdateCheck = 1340;
				LastUpgradeCheck = 1340;
				TargetAttributes = {
					9AB832C02992CCE4003CFE07 = {
						CreatedOnToolsVersion = 13.4.1;
					};
					9AB832D62992CCE6003CFE07 = {
						CreatedOnToolsVersion = 13.4.1;
						TestTargetID = 9AB832C02992CCE4003CFE07;
					};
					9AB832E02992CCE6003CFE07 = {
						CreatedOnToolsVersion = 13.4.1;
						TestTargetID = 9AB832C02992CCE4003CFE07;
					};
				};
			};
			buildConfigurationList = 9AB832BC2992CCE4003CFE07 /* Build configuration list for PBXProject "Calculator" */;
			compatibilityVersion = "Xcode 13.0";
			developmentRegion = en;
			hasScannedForEncodings = 0;
			knownRegions = (
				en,
				Base,
			);
			mainGroup = 9AB832B82992CCE4003CFE07;
			packageReferences = (
				9AB832F42992CDA5003CFE07 /* XCRemoteSwiftPackageReference "MathExpression" */,
			);
			productRefGroup = 9AB832C22992CCE4003CFE07 /* Products */;
			projectDirPath = "";
			projectRoot = "";
			targets = (
				9AB832C02992CCE4003CFE07 /* Calculator */,
				9AB832D62992CCE6003CFE07 /* CalculatorTests */,
				9AB832E02992CCE6003CFE07 /* CalculatorUITests */,
			);
		};
/* End PBXProject section */

/* Begin PBXResourcesBuildPhase section */
		9AB832BF2992CCE4003CFE07 /* Resources */ = {
			isa = PBXResourcesBuildPhase;
			buildActionMask = 2147483647;
			files = (
				9AB832D12992CCE5003CFE07 /* LaunchScreen.storyboard in Resources */,
				9AB832CE2992CCE5003CFE07 /* Assets.xcassets in Resources */,
				9AB832CC2992CCE4003CFE07 /* Main.storyboard in Resources */,
			);
			runOnlyForDeploymentPostprocessing = 0;
		};
		9AB832D52992CCE6003CFE07 /* Resources */ = {
			isa = PBXResourcesBuildPhase;
			buildActionMask = 2147483647;
			files = (
			);
			runOnlyForDeploymentPostprocessing = 0;
		};
		9AB832DF2992CCE6003CFE07 /* Resources */ = {
			isa = PBXResourcesBuildPhase;
			buildActionMask = 2147483647;
			files = (
			);
			runOnlyForDeploymentPostprocessing = 0;
		};
/* End PBXResourcesBuildPhase section */

/* Begin PBXSourcesBuildPhase section */
		9AB832BD2992CCE4003CFE07 /* Sources */ = {
			isa = PBXSourcesBuildPhase;
			buildActionMask = 2147483647;
			files = (
				9AB832C92992CCE4003CFE07 /* ViewController.swift in Sources */,
				9AB832C52992CCE4003CFE07 /* AppDelegate.swift in Sources */,
				9AB832C72992CCE4003CFE07 /* SceneDelegate.swift in Sources */,
			);
			runOnlyForDeploymentPostprocessing = 0;
		};
		9AB832D32992CCE6003CFE07 /* Sources */ = {
			isa = PBXSourcesBuildPhase;
			buildActionMask = 2147483647;
			files = (
				9AB832DC2992CCE6003CFE07 /* CalculatorTests.swift in Sources */,
			);
			runOnlyForDeploymentPostprocessing = 0;
		};
		9AB832DD2992CCE6003CFE07 /* Sources */ = {
			isa = PBXSourcesBuildPhase;
			buildActionMask = 2147483647;
			files = (
				9AB832E82992CCE6003CFE07 /* CalculatorUITestsLaunchTests.swift in Sources */,
				9AB832E62992CCE6003CFE07 /* CalculatorUITests.swift in Sources */,
			);
			runOnlyForDeploymentPostprocessing = 0;
		};
/* End PBXSourcesBuildPhase section */

/* Begin PBXTargetDependency section */
		9AB832D92992CCE6003CFE07 /* PBXTargetDependency */ = {
			isa = PBXTargetDependency;
			target = 9AB832C02992CCE4003CFE07 /* Calculator */;
			targetProxy = 9AB832D82992CCE6003CFE07 /* PBXContainerItemProxy */;
		};
		9AB832E32992CCE6003CFE07 /* PBXTargetDependency */ = {
			isa = PBXTargetDependency;
			target = 9AB832C02992CCE4003CFE07 /* Calculator */;
			targetProxy = 9AB832E22992CCE6003CFE07 /* PBXContainerItemProxy */;
		};
/* End PBXTargetDependency section */

/* Begin PBXVariantGroup section */
		9AB832CA2992CCE4003CFE07 /* Main.storyboard */ = {
			isa = PBXVariantGroup;
			children = (
				9AB832CB2992CCE4003CFE07 /* Base */,
			);
			name = Main.storyboard;
			sourceTree = "<group>";
		};
		9AB832CF2992CCE5003CFE07 /* LaunchScreen.storyboard */ = {
			isa = PBXVariantGroup;
			children = (
				9AB832D02992CCE5003CFE07 /* Base */,
			);
			name = LaunchScreen.storyboard;
			sourceTree = "<group>";
		};
/* End PBXVariantGroup section */

/* Begin XCBuildConfiguration section */
		9AB832E92992CCE6003CFE07 /* Debug */ = {
			isa = XCBuildConfiguration;
			buildSettings = {
				ALWAYS_SEARCH_USER_PATHS = NO;
				CLANG_ANALYZER_NONNULL = YES;
				CLANG_ANALYZER_NUMBER_OBJECT_CONVERSION = YES_AGGRESSIVE;
				CLANG_CXX_LANGUAGE_STANDARD = "gnu++17";
				CLANG_ENABLE_MODULES = YES;
				CLANG_ENABLE_OBJC_ARC = YES;
				CLANG_ENABLE_OBJC_WEAK = YES;
				CLANG_WARN_BLOCK_CAPTURE_AUTORELEASING = YES;
				CLANG_WARN_BOOL_CONVERSION = YES;
				CLANG_WARN_COMMA = YES;
				CLANG_WARN_CONSTANT_CONVERSION = YES;
				CLANG_WARN_DEPRECATED_OBJC_IMPLEMENTATIONS = YES;
				CLANG_WARN_DIRECT_OBJC_ISA_USAGE = YES_ERROR;
				CLANG_WARN_DOCUMENTATION_COMMENTS = YES;
				CLANG_WARN_EMPTY_BODY = YES;
				CLANG_WARN_ENUM_CONVERSION = YES;
				CLANG_WARN_INFINITE_RECURSION = YES;
				CLANG_WARN_INT_CONVERSION = YES;
				CLANG_WARN_NON_LITERAL_NULL_CONVERSION = YES;
				CLANG_WARN_OBJC_IMPLICIT_RETAIN_SELF = YES;
				CLANG_WARN_OBJC_LITERAL_CONVERSION = YES;
				CLANG_WARN_OBJC_ROOT_CLASS = YES_ERROR;
				CLANG_WARN_QUOTED_INCLUDE_IN_FRAMEWORK_HEADER = YES;
				CLANG_WARN_RANGE_LOOP_ANALYSIS = YES;
				CLANG_WARN_STRICT_PROTOTYPES = YES;
				CLANG_WARN_SUSPICIOUS_MOVE = YES;
				CLANG_WARN_UNGUARDED_AVAILABILITY = YES_AGGRESSIVE;
				CLANG_WARN_UNREACHABLE_CODE = YES;
				CLANG_WARN__DUPLICATE_METHOD_MATCH = YES;
				COPY_PHASE_STRIP = NO;
				DEBUG_INFORMATION_FORMAT = dwarf;
				ENABLE_STRICT_OBJC_MSGSEND = YES;
				ENABLE_TESTABILITY = YES;
				GCC_C_LANGUAGE_STANDARD = gnu11;
				GCC_DYNAMIC_NO_PIC = NO;
				GCC_NO_COMMON_BLOCKS = YES;
				GCC_OPTIMIZATION_LEVEL = 0;
				GCC_PREPROCESSOR_DEFINITIONS = (
					"DEBUG=1",
					"$(inherited)",
				);
				GCC_WARN_64_TO_32_BIT_CONVERSION = YES;
				GCC_WARN_ABOUT_RETURN_TYPE = YES_ERROR;
				GCC_WARN_UNDECLARED_SELECTOR = YES;
				GCC_WARN_UNINITIALIZED_AUTOS = YES_AGGRESSIVE;
				GCC_WARN_UNUSED_FUNCTION = YES;
				GCC_WARN_UNUSED_VARIABLE = YES;
				IPHONEOS_DEPLOYMENT_TARGET = 15.5;
				MTL_ENABLE_DEBUG_INFO = INCLUDE_SOURCE;
				MTL_FAST_MATH = YES;
				ONLY_ACTIVE_ARCH = YES;
				SDKROOT = iphoneos;
				SWIFT_ACTIVE_COMPILATION_CONDITIONS = DEBUG;
				SWIFT_OPTIMIZATION_LEVEL = "-Onone";
			};
			name = Debug;
		};
		9AB832EA2992CCE6003CFE07 /* Release */ = {
			isa = XCBuildConfiguration;
			buildSettings = {
				ALWAYS_SEARCH_USER_PATHS = NO;
				CLANG_ANALYZER_NONNULL = YES;
				CLANG_ANALYZER_NUMBER_OBJECT_CONVERSION = YES_AGGRESSIVE;
				CLANG_CXX_LANGUAGE_STANDARD = "gnu++17";
				CLANG_ENABLE_MODULES = YES;
				CLANG_ENABLE_OBJC_ARC = YES;
				CLANG_ENABLE_OBJC_WEAK = YES;
				CLANG_WARN_BLOCK_CAPTURE_AUTORELEASING = YES;
				CLANG_WARN_BOOL_CONVERSION = YES;
				CLANG_WARN_COMMA = YES;
				CLANG_WARN_CONSTANT_CONVERSION = YES;
				CLANG_WARN_DEPRECATED_OBJC_IMPLEMENTATIONS = YES;
				CLANG_WARN_DIRECT_OBJC_ISA_USAGE = YES_ERROR;
				CLANG_WARN_DOCUMENTATION_COMMENTS = YES;
				CLANG_WARN_EMPTY_BODY = YES;
				CLANG_WARN_ENUM_CONVERSION = YES;
				CLANG_WARN_INFINITE_RECURSION = YES;
				CLANG_WARN_INT_CONVERSION = YES;
				CLANG_WARN_NON_LITERAL_NULL_CONVERSION = YES;
				CLANG_WARN_OBJC_IMPLICIT_RETAIN_SELF = YES;
				CLANG_WARN_OBJC_LITERAL_CONVERSION = YES;
				CLANG_WARN_OBJC_ROOT_CLASS = YES_ERROR;
				CLANG_WARN_QUOTED_INCLUDE_IN_FRAMEWORK_HEADER = YES;
				CLANG_WARN_RANGE_LOOP_ANALYSIS = YES;
				CLANG_WARN_STRICT_PROTOTYPES = YES;
				CLANG_WARN_SUSPICIOUS_MOVE = YES;
				CLANG_WARN_UNGUARDED_AVAILABILITY = YES_AGGRESSIVE;
				CLANG_WARN_UNREACHABLE_CODE = YES;
				CLANG_WARN__DUPLICATE_METHOD_MATCH = YES;
				COPY_PHASE_STRIP = NO;
				DEBUG_INFORMATION_FORMAT = "dwarf-with-dsym";
				ENABLE_NS_ASSERTIONS = NO;
				ENABLE_STRICT_OBJC_MSGSEND = YES;
				GCC_C_LANGUAGE_STANDARD = gnu11;
				GCC_NO_COMMON_BLOCKS = YES;
				GCC_WARN_64_TO_32_BIT_CONVERSION = YES;
				GCC_WARN_ABOUT_RETURN_TYPE = YES_ERROR;
				GCC_WARN_UNDECLARED_SELECTOR = YES;
				GCC_WARN_UNINITIALIZED_AUTOS = YES_AGGRESSIVE;
				GCC_WARN_UNUSED_FUNCTION = YES;
				GCC_WARN_UNUSED_VARIABLE = YES;
				IPHONEOS_DEPLOYMENT_TARGET = 15.5;
				MTL_ENABLE_DEBUG_INFO = NO;
				MTL_FAST_MATH = YES;
				SDKROOT = iphoneos;
				SWIFT_COMPILATION_MODE = wholemodule;
				SWIFT_OPTIMIZATION_LEVEL = "-O";
				VALIDATE_PRODUCT = YES;
			};
			name = Release;
		};
		9AB832EC2992CCE6003CFE07 /* Debug */ = {
			isa = XCBuildConfiguration;
			buildSettings = {
				ASSETCATALOG_COMPILER_APPICON_NAME = AppIcon;
				ASSETCATALOG_COMPILER_GLOBAL_ACCENT_COLOR_NAME = AccentColor;
				CODE_SIGN_STYLE = Automatic;
				CURRENT_PROJECT_VERSION = 1;
				GENERATE_INFOPLIST_FILE = YES;
				INFOPLIST_FILE = Calculator/Info.plist;
				INFOPLIST_KEY_UIApplicationSupportsIndirectInputEvents = YES;
				INFOPLIST_KEY_UILaunchStoryboardName = LaunchScreen;
				INFOPLIST_KEY_UIMainStoryboardFile = Main;
				INFOPLIST_KEY_UISupportedInterfaceOrientations_iPad = "UIInterfaceOrientationPortrait UIInterfaceOrientationPortraitUpsideDown UIInterfaceOrientationLandscapeLeft UIInterfaceOrientationLandscapeRight";
				INFOPLIST_KEY_UISupportedInterfaceOrientations_iPhone = "UIInterfaceOrientationPortrait UIInterfaceOrientationLandscapeLeft UIInterfaceOrientationLandscapeRight";
				LD_RUNPATH_SEARCH_PATHS = (
					"$(inherited)",
					"@executable_path/Frameworks",
				);
				MARKETING_VERSION = 1.0;
				PRODUCT_BUNDLE_IDENTIFIER = edu.nwmissouri.Calculator;
				PRODUCT_NAME = "$(TARGET_NAME)";
				SWIFT_EMIT_LOC_STRINGS = YES;
				SWIFT_VERSION = 5.0;
				TARGETED_DEVICE_FAMILY = "1,2";
			};
			name = Debug;
		};
		9AB832ED2992CCE6003CFE07 /* Release */ = {
			isa = XCBuildConfiguration;
			buildSettings = {
				ASSETCATALOG_COMPILER_APPICON_NAME = AppIcon;
				ASSETCATALOG_COMPILER_GLOBAL_ACCENT_COLOR_NAME = AccentColor;
				CODE_SIGN_STYLE = Automatic;
				CURRENT_PROJECT_VERSION = 1;
				GENERATE_INFOPLIST_FILE = YES;
				INFOPLIST_FILE = Calculator/Info.plist;
				INFOPLIST_KEY_UIApplicationSupportsIndirectInputEvents = YES;
				INFOPLIST_KEY_UILaunchStoryboardName = LaunchScreen;
				INFOPLIST_KEY_UIMainStoryboardFile = Main;
				INFOPLIST_KEY_UISupportedInterfaceOrientations_iPad = "UIInterfaceOrientationPortrait UIInterfaceOrientationPortraitUpsideDown UIInterfaceOrientationLandscapeLeft UIInterfaceOrientationLandscapeRight";
				INFOPLIST_KEY_UISupportedInterfaceOrientations_iPhone = "UIInterfaceOrientationPortrait UIInterfaceOrientationLandscapeLeft UIInterfaceOrientationLandscapeRight";
				LD_RUNPATH_SEARCH_PATHS = (
					"$(inherited)",
					"@executable_path/Frameworks",
				);
				MARKETING_VERSION = 1.0;
				PRODUCT_BUNDLE_IDENTIFIER = edu.nwmissouri.Calculator;
				PRODUCT_NAME = "$(TARGET_NAME)";
				SWIFT_EMIT_LOC_STRINGS = YES;
				SWIFT_VERSION = 5.0;
				TARGETED_DEVICE_FAMILY = "1,2";
			};
			name = Release;
		};
		9AB832EF2992CCE6003CFE07 /* Debug */ = {
			isa = XCBuildConfiguration;
			buildSettings = {
				ALWAYS_EMBED_SWIFT_STANDARD_LIBRARIES = YES;
				BUNDLE_LOADER = "$(TEST_HOST)";
				CODE_SIGN_STYLE = Automatic;
				CURRENT_PROJECT_VERSION = 1;
				GENERATE_INFOPLIST_FILE = YES;
				IPHONEOS_DEPLOYMENT_TARGET = 15.5;
				MARKETING_VERSION = 1.0;
				PRODUCT_BUNDLE_IDENTIFIER = edu.nwmissouri.CalculatorTests;
				PRODUCT_NAME = "$(TARGET_NAME)";
				SWIFT_EMIT_LOC_STRINGS = NO;
				SWIFT_VERSION = 5.0;
				TARGETED_DEVICE_FAMILY = "1,2";
				TEST_HOST = "$(BUILT_PRODUCTS_DIR)/Calculator.app/Calculator";
			};
			name = Debug;
		};
		9AB832F02992CCE6003CFE07 /* Release */ = {
			isa = XCBuildConfiguration;
			buildSettings = {
				ALWAYS_EMBED_SWIFT_STANDARD_LIBRARIES = YES;
				BUNDLE_LOADER = "$(TEST_HOST)";
				CODE_SIGN_STYLE = Automatic;
				CURRENT_PROJECT_VERSION = 1;
				GENERATE_INFOPLIST_FILE = YES;
				IPHONEOS_DEPLOYMENT_TARGET = 15.5;
				MARKETING_VERSION = 1.0;
				PRODUCT_BUNDLE_IDENTIFIER = edu.nwmissouri.CalculatorTests;
				PRODUCT_NAME = "$(TARGET_NAME)";
				SWIFT_EMIT_LOC_STRINGS = NO;
				SWIFT_VERSION = 5.0;
				TARGETED_DEVICE_FAMILY = "1,2";
				TEST_HOST = "$(BUILT_PRODUCTS_DIR)/Calculator.app/Calculator";
			};
			name = Release;
		};
		9AB832F22992CCE6003CFE07 /* Debug */ = {
			isa = XCBuildConfiguration;
			buildSettings = {
				ALWAYS_EMBED_SWIFT_STANDARD_LIBRARIES = YES;
				CODE_SIGN_STYLE = Automatic;
				CURRENT_PROJECT_VERSION = 1;
				GENERATE_INFOPLIST_FILE = YES;
				MARKETING_VERSION = 1.0;
				PRODUCT_BUNDLE_IDENTIFIER = edu.nwmissouri.CalculatorUITests;
				PRODUCT_NAME = "$(TARGET_NAME)";
				SWIFT_EMIT_LOC_STRINGS = NO;
				SWIFT_VERSION = 5.0;
				TARGETED_DEVICE_FAMILY = "1,2";
				TEST_TARGET_NAME = Calculator;
			};
			name = Debug;
		};
		9AB832F32992CCE6003CFE07 /* Release */ = {
			isa = XCBuildConfiguration;
			buildSettings = {
				ALWAYS_EMBED_SWIFT_STANDARD_LIBRARIES = YES;
				CODE_SIGN_STYLE = Automatic;
				CURRENT_PROJECT_VERSION = 1;
				GENERATE_INFOPLIST_FILE = YES;
				MARKETING_VERSION = 1.0;
				PRODUCT_BUNDLE_IDENTIFIER = edu.nwmissouri.CalculatorUITests;
				PRODUCT_NAME = "$(TARGET_NAME)";
				SWIFT_EMIT_LOC_STRINGS = NO;
				SWIFT_VERSION = 5.0;
				TARGETED_DEVICE_FAMILY = "1,2";
				TEST_TARGET_NAME = Calculator;
			};
			name = Release;
		};
/* End XCBuildConfiguration section */

/* Begin XCConfigurationList section */
		9AB832BC2992CCE4003CFE07 /* Build configuration list for PBXProject "Calculator" */ = {
			isa = XCConfigurationList;
			buildConfigurations = (
				9AB832E92992CCE6003CFE07 /* Debug */,
				9AB832EA2992CCE6003CFE07 /* Release */,
			);
			defaultConfigurationIsVisible = 0;
			defaultConfigurationName = Release;
		};
		9AB832EB2992CCE6003CFE07 /* Build configuration list for PBXNativeTarget "Calculator" */ = {
			isa = XCConfigurationList;
			buildConfigurations = (
				9AB832EC2992CCE6003CFE07 /* Debug */,
				9AB832ED2992CCE6003CFE07 /* Release */,
			);
			defaultConfigurationIsVisible = 0;
			defaultConfigurationName = Release;
		};
		9AB832EE2992CCE6003CFE07 /* Build configuration list for PBXNativeTarget "CalculatorTests" */ = {
			isa = XCConfigurationList;
			buildConfigurations = (
				9AB832EF2992CCE6003CFE07 /* Debug */,
				9AB832F02992CCE6003CFE07 /* Release */,
			);
			defaultConfigurationIsVisible = 0;
			defaultConfigurationName = Release;
		};
		9AB832F12992CCE6003CFE07 /* Build configuration list for PBXNativeTarget "CalculatorUITests" */ = {
			isa = XCConfigurationList;
			buildConfigurations = (
				9AB832F22992CCE6003CFE07 /* Debug */,
				9AB832F32992CCE6003CFE07 /* Release */,
			);
			defaultConfigurationIsVisible = 0;
			defaultConfigurationName = Release;
		};
/* End XCConfigurationList section */

/* Begin XCRemoteSwiftPackageReference section */
		9AB832F42992CDA5003CFE07 /* XCRemoteSwiftPackageReference "MathExpression" */ = {
			isa = XCRemoteSwiftPackageReference;
			repositoryURL = "https://github.com/peredaniel/MathExpression.git";
			requirement = {
				kind = upToNextMajorVersion;
				minimumVersion = 1.0.0;
			};
		};
/* End XCRemoteSwiftPackageReference section */

/* Begin XCSwiftPackageProductDependency section */
		9AB832F52992CDA5003CFE07 /* MathExpression */ = {
			isa = XCSwiftPackageProductDependency;
			package = 9AB832F42992CDA5003CFE07 /* XCRemoteSwiftPackageReference "MathExpression" */;
			productName = MathExpression;
		};
/* End XCSwiftPackageProductDependency section */
	};
	rootObject = 9AB832B92992CCE4003CFE07 /* Project object */;
}
